
Microsoft Visual Studio Solution File, Format Version 12.00
# Visual Studio Version 16
VisualStudioVersion = 16.0.28721.148
MinimumVisualStudioVersion = 10.0.40219.1
Project("{9A19103F-16F7-4668-BE54-9A1E7A4F7556}") = "Nethereum.BlockchainProcessing.Common", "Nethereum.BlockchainProcessing.Common\Nethereum.BlockchainProcessing.Common.csproj", "{3D6FBCF1-6B29-4184-B47A-8F99A4AD1FDD}"
EndProject
Project("{2150E333-8FDC-42A3-9474-1A3956D46DE8}") = "Solution Items", "Solution Items", "{A7C2B9B7-E71D-45D7-B9D9-3852BD66DF52}"
	ProjectSection(SolutionItems) = preProject
		README.md = README.md
	EndProjectSection
EndProject
Project("{9A19103F-16F7-4668-BE54-9A1E7A4F7556}") = "Nethereum.BlockchainProcessing.Queue.Azure", "Nethereum.BlockchainProcessing.Queue.Azure\Nethereum.BlockchainProcessing.Queue.Azure.csproj", "{51308750-B91F-4AF7-934D-1B7DF809A0C8}"
EndProject
Project("{2150E333-8FDC-42A3-9474-1A3956D46DE8}") = "Storage", "Storage", "{38C3E7F3-F3E0-43CC-BF1F-CC040909E1E5}"
	ProjectSection(SolutionItems) = preProject
		Storage\README.md = Storage\README.md
	EndProjectSection
EndProject
Project("{9A19103F-16F7-4668-BE54-9A1E7A4F7556}") = "Nethereum.BlockchainStore", "Storage\Nethereum.BlockchainStore\Nethereum.BlockchainStore.csproj", "{FAAC941D-A476-4BBD-9970-1EA5D3D342DC}"
EndProject
Project("{9A19103F-16F7-4668-BE54-9A1E7A4F7556}") = "Nethereum.BlockchainStore.AzureTables", "Storage\Nethereum.BlockchainStore.AzureTables\Nethereum.BlockchainStore.AzureTables.csproj", "{679AAF6C-7BD5-49AB-8C56-C40F33DAFE7B}"
EndProject
Project("{9A19103F-16F7-4668-BE54-9A1E7A4F7556}") = "Nethereum.BlockchainStore.AzureTables.Core.Console", "Storage\Nethereum.BlockchainStore.AzureTables.Core.Console\Nethereum.BlockchainStore.AzureTables.Core.Console.csproj", "{C8A571C5-19DA-4A0E-BFD0-EDDE94341CD8}"
EndProject
Project("{9A19103F-16F7-4668-BE54-9A1E7A4F7556}") = "Nethereum.BlockchainStore.CosmosCore", "Storage\Nethereum.BlockchainStore.CosmosCore\Nethereum.BlockchainStore.CosmosCore.csproj", "{02F9ABCB-B5C0-4EEF-A2E9-723A56629327}"
EndProject
Project("{9A19103F-16F7-4668-BE54-9A1E7A4F7556}") = "Nethereum.BlockchainStore.CosmosCore.Console", "Storage\Nethereum.BlockchainStore.CosmosCore.Console\Nethereum.BlockchainStore.CosmosCore.Console.csproj", "{8C01A591-3F1F-4A7E-9DA6-3B4AD6F98F0A}"
EndProject
Project("{9A19103F-16F7-4668-BE54-9A1E7A4F7556}") = "Nethereum.BlockchainStore.CosmosCore.Tests", "Storage\Nethereum.BlockchainStore.CosmosCore.Tests\Nethereum.BlockchainStore.CosmosCore.Tests.csproj", "{52971CDF-4D80-4BB4-98B8-5D6350D4E7E2}"
EndProject
Project("{9A19103F-16F7-4668-BE54-9A1E7A4F7556}") = "Nethereum.BlockchainStore.Csv", "Storage\Nethereum.BlockchainStore.Csv\Nethereum.BlockchainStore.Csv.csproj", "{3C20D893-C338-4BEE-BB2A-B464B4EAABF8}"
EndProject
Project("{9A19103F-16F7-4668-BE54-9A1E7A4F7556}") = "Nethereum.BlockchainStore.Csv.Console", "Storage\Nethereum.BlockchainStore.Csv.Console\Nethereum.BlockchainStore.Csv.Console.csproj", "{0175F3AA-4169-41B3-80CC-B59B2833402E}"
EndProject
Project("{9A19103F-16F7-4668-BE54-9A1E7A4F7556}") = "Nethereum.BlockchainStore.Csv.Tests", "Storage\Nethereum.BlockchainStore.Csv.Tests\Nethereum.BlockchainStore.Csv.Tests.csproj", "{95027DBA-72BE-4079-8DE2-BB4349109901}"
EndProject
Project("{9A19103F-16F7-4668-BE54-9A1E7A4F7556}") = "Nethereum.BlockchainStore.EF", "Storage\Nethereum.BlockchainStore.EF\Nethereum.BlockchainStore.EF.csproj", "{3399E8E1-8F77-43C6-BC28-CB2099A61F15}"
EndProject
Project("{9A19103F-16F7-4668-BE54-9A1E7A4F7556}") = "Nethereum.BlockchainStore.EF.Sqlite", "Storage\Nethereum.BlockchainStore.EF.Sqlite\Nethereum.BlockchainStore.EF.Sqlite.csproj", "{7BC335A6-2A18-42C3-9F30-37804541B8B8}"
EndProject
Project("{9A19103F-16F7-4668-BE54-9A1E7A4F7556}") = "Nethereum.BlockchainStore.EF.Sqlite.Tests", "Storage\Nethereum.BlockchainStore.EF.Sqlite.Tests\Nethereum.BlockchainStore.EF.Sqlite.Tests.csproj", "{374D65D7-EF59-414D-9A9E-B743DD2683BD}"
EndProject
Project("{9A19103F-16F7-4668-BE54-9A1E7A4F7556}") = "Nethereum.BlockchainStore.EFCore.SqlServer", "Storage\Nethereum.BlockchainStore.EFCore.SqlServer\Nethereum.BlockchainStore.EFCore.SqlServer.csproj", "{F0FE293B-E70A-4CB4-BEDF-B654FCD35E92}"
EndProject
Project("{9A19103F-16F7-4668-BE54-9A1E7A4F7556}") = "Nethereum.BlockchainStore.EF.SqlServer", "Storage\Nethereum.BlockchainStore.EF.SqlServer\Nethereum.BlockchainStore.EF.SqlServer.csproj", "{C095585B-7CFB-4D92-B47B-68841974A6D0}"
EndProject
Project("{9A19103F-16F7-4668-BE54-9A1E7A4F7556}") = "Nethereum.BlockchainStore.EF.SqlServer.Tests", "Storage\Nethereum.BlockchainStore.EF.SqlServer.Tests\Nethereum.BlockchainStore.EF.SqlServer.Tests.csproj", "{9CEBB355-7B4B-4CC0-A572-69B886D928CE}"
EndProject
Project("{9A19103F-16F7-4668-BE54-9A1E7A4F7556}") = "Nethereum.BlockchainStore.EFCore", "Storage\Nethereum.BlockchainStore.EFCore\Nethereum.BlockchainStore.EFCore.csproj", "{B0546525-1769-4927-AE7E-0248EA24F58A}"
EndProject
Project("{9A19103F-16F7-4668-BE54-9A1E7A4F7556}") = "Nethereum.BlockchainStore.EFCore.Sqlite", "Storage\Nethereum.BlockchainStore.EFCore.Sqlite\Nethereum.BlockchainStore.EFCore.Sqlite.csproj", "{FA29B8BB-C5C3-44FA-8124-25B6FB56BFAD}"
EndProject
Project("{9A19103F-16F7-4668-BE54-9A1E7A4F7556}") = "Nethereum.BlockchainStore.EFCore.Sqlite.Console", "Storage\Nethereum.BlockchainStore.EFCore.Sqlite.Console\Nethereum.BlockchainStore.EFCore.Sqlite.Console.csproj", "{6D67C3E1-A759-4939-95AF-146BEABF774D}"
EndProject
Project("{9A19103F-16F7-4668-BE54-9A1E7A4F7556}") = "Nethereum.BlockchainStore.EFCore.SqlServer.Console", "Storage\Nethereum.BlockchainStore.EFCore.SqlServer.Console\Nethereum.BlockchainStore.EFCore.SqlServer.Console.csproj", "{85A66A64-42BA-49D4-AEAE-D1F0B07AF07C}"
EndProject
Project("{9A19103F-16F7-4668-BE54-9A1E7A4F7556}") = "Nethereum.BlockchainStore.EFCore.SqlServer.Tests", "Storage\Nethereum.BlockchainStore.EFCore.SqlServer.Tests\Nethereum.BlockchainStore.EFCore.SqlServer.Tests.csproj", "{F5CCF8AB-5DCC-429A-B1A0-4ACCCFA07164}"
EndProject
Project("{9A19103F-16F7-4668-BE54-9A1E7A4F7556}") = "Nethereum.BlockchainStore.Entities", "Storage\Nethereum.BlockchainStore.Entities\Nethereum.BlockchainStore.Entities.csproj", "{C5FF2A24-2693-4EAF-80F2-7F1FD0552079}"
EndProject
Project("{9A19103F-16F7-4668-BE54-9A1E7A4F7556}") = "Nethereum.BlockchainStore.Entities.Mapping", "Storage\Nethereum.BlockchainStore.Entities.Mapping\Nethereum.BlockchainStore.Entities.Mapping.csproj", "{D37F7922-C996-46A1-8560-8C04DEE5E74E}"
EndProject
Project("{9A19103F-16F7-4668-BE54-9A1E7A4F7556}") = "Nethereum.BlockchainStore.Search", "Storage\Nethereum.BlockchainStore.Search\Nethereum.BlockchainStore.Search.csproj", "{17B527BE-B598-4729-981B-0200266F7278}"
EndProject
Project("{9A19103F-16F7-4668-BE54-9A1E7A4F7556}") = "Nethereum.BlockchainStore.Search.Samples", "Storage\Nethereum.BlockchainStore.Search.Samples\Nethereum.BlockchainStore.Search.Samples.csproj", "{8A1CB2B9-9EFF-4817-B0DA-1A5D8FD7A104}"
EndProject
Project("{9A19103F-16F7-4668-BE54-9A1E7A4F7556}") = "Nethereum.BlockchainStore.Search.Tests", "Storage\Nethereum.BlockchainStore.Search.Tests\Nethereum.BlockchainStore.Search.Tests.csproj", "{4276B967-10BD-4A82-98EA-6A36F9879C81}"
EndProject
Project("{9A19103F-16F7-4668-BE54-9A1E7A4F7556}") = "Nethereum.BlockchainStore.Test.Base", "Storage\Nethereum.BlockchainStore.Test.Base\Nethereum.BlockchainStore.Test.Base.csproj", "{AB9C97C1-AFEE-4EAB-B22B-95C65F72C44B}"
EndProject
Project("{9A19103F-16F7-4668-BE54-9A1E7A4F7556}") = "Nethereum.BlockchainStore.Tests", "Storage\Nethereum.BlockchainStore.Tests\Nethereum.BlockchainStore.Tests.csproj", "{01A1FCBA-97AA-4F6A-A1EB-4FCCF750ED1E}"
EndProject
Project("{2150E333-8FDC-42A3-9474-1A3956D46DE8}") = "Adaptors", "Adaptors", "{7EE23202-3B58-4743-8D18-8ECF5B41D0DC}"
EndProject
Project("{2150E333-8FDC-42A3-9474-1A3956D46DE8}") = "Search", "Search", "{4B84B289-4490-4248-A3AF-D23059FC94D8}"
EndProject
Project("{2150E333-8FDC-42A3-9474-1A3956D46DE8}") = "Base", "Base", "{5F863173-5A5E-460C-BC8F-F11F66595957}"
EndProject
Project("{2150E333-8FDC-42A3-9474-1A3956D46DE8}") = "EntityFramework", "EntityFramework", "{207DD0DD-FA43-4DC6-A35D-004FFD9CE79F}"
EndProject
Project("{2150E333-8FDC-42A3-9474-1A3956D46DE8}") = "EntityFrameworkCore", "EntityFrameworkCore", "{45DF9246-121C-46D9-9D96-F3BC7B199A33}"
EndProject
Project("{2150E333-8FDC-42A3-9474-1A3956D46DE8}") = "Sqlite", "Sqlite", "{2C445FDC-D0B5-4AE1-8A42-FA6DF500E458}"
EndProject
Project("{2150E333-8FDC-42A3-9474-1A3956D46DE8}") = "SqlServer", "SqlServer", "{8088344D-BA4B-4536-B0BB-FC8035D5A0C9}"
EndProject
Project("{2150E333-8FDC-42A3-9474-1A3956D46DE8}") = "Base", "Base", "{775C4504-B879-4197-8753-49E0BDFF423A}"
EndProject
Project("{2150E333-8FDC-42A3-9474-1A3956D46DE8}") = "Sqlite", "Sqlite", "{995D4B83-BDE8-4A7B-A183-7739D91B1368}"
EndProject
Project("{2150E333-8FDC-42A3-9474-1A3956D46DE8}") = "SqlServer", "SqlServer", "{79D57AB6-92F5-422F-9F9F-07CE0702611F}"
EndProject
Project("{2150E333-8FDC-42A3-9474-1A3956D46DE8}") = "Base", "Base", "{3A3CA042-6FE0-4C26-9D76-90D2B3BE5072}"
EndProject
Project("{2150E333-8FDC-42A3-9474-1A3956D46DE8}") = "AzureTables", "AzureTables", "{D44F6868-27B9-4F10-B12A-A81A65C720DB}"
EndProject
Project("{2150E333-8FDC-42A3-9474-1A3956D46DE8}") = "Cosmos", "Cosmos", "{DF8339B8-A6E1-4BE1-AE6D-26395F4A34F9}"
EndProject
Project("{2150E333-8FDC-42A3-9474-1A3956D46DE8}") = "Csv", "Csv", "{05E90063-C90D-4881-BA60-2E746C9218BE}"
EndProject
Project("{2150E333-8FDC-42A3-9474-1A3956D46DE8}") = "buildConf", "buildConf", "{02E07FCC-431E-4110-A968-0864C54640C7}"
	ProjectSection(SolutionItems) = preProject
		buildConf\Generic-CodeGen.props = buildConf\Generic-CodeGen.props
		buildConf\Generic.props = buildConf\Generic.props
	EndProjectSection
EndProject
Project("{2150E333-8FDC-42A3-9474-1A3956D46DE8}") = "Queue", "Queue", "{EFB15A00-7A8C-47E0-BC88-517E5E2FFA74}"
EndProject
Project("{2150E333-8FDC-42A3-9474-1A3956D46DE8}") = "MongoDB", "MongoDB", "{D7F91F42-66ED-41AD-918E-00F272273B55}"
EndProject
Project("{9A19103F-16F7-4668-BE54-9A1E7A4F7556}") = "Nethereum.BlockchainStore.MongoDb.Console", "Storage\Nethereum.BlockchainStore.MongoDb.Console\Nethereum.BlockchainStore.MongoDb.Console.csproj", "{5415D5F1-5EE2-4627-B0F4-DD80A236527C}"
EndProject
Project("{9A19103F-16F7-4668-BE54-9A1E7A4F7556}") = "Nethereum.BlockchainStore.MongoDb", "Storage\Nethereum.BlockchainStore.MongoDb\Nethereum.BlockchainStore.MongoDb.csproj", "{05D27861-5304-496C-B630-E632CF441D5E}"
EndProject
Project("{9A19103F-16F7-4668-BE54-9A1E7A4F7556}") = "Nethereum.BlockchainStore.MongoDb.Tests", "Storage\Nethereum.BlockchainStore.MongoDb.Tests\Nethereum.BlockchainStore.MongoDb.Tests.csproj", "{2E838D9C-CDA7-40CF-971E-CDBBA941E327}"
EndProject
Project("{9A19103F-16F7-4668-BE54-9A1E7A4F7556}") = "Nethereum.BlockProcessing", "Nethereum.BlockProcessing\Nethereum.BlockProcessing.csproj", "{436EDF21-C9B8-48B5-ADFD-C716FE905487}"
EndProject
Project("{9A19103F-16F7-4668-BE54-9A1E7A4F7556}") = "Nethereum.LogProcessing", "Nethereum.LogProcessing\Nethereum.LogProcessing.csproj", "{2C1988AA-D6C2-4EEF-9550-9613DB1E919E}"
EndProject
Project("{9A19103F-16F7-4668-BE54-9A1E7A4F7556}") = "Nethereum.LogProcessing.Samples", "Nethereum.LogProcessing.Samples\Nethereum.LogProcessing.Samples.csproj", "{127B9D44-E7BF-40AF-93D3-165426AA7A59}"
EndProject
Project("{9A19103F-16F7-4668-BE54-9A1E7A4F7556}") = "Nethereum.BlockProcessing.Samples", "Nethereum.BlockProcessing.Samples\Nethereum.BlockProcessing.Samples.csproj", "{45C6C43E-40E8-4A24-85EF-BAEF201FA26E}"
EndProject
Project("{9A19103F-16F7-4668-BE54-9A1E7A4F7556}") = "Nethereum.BlockchainStore.AzureTables.Tests", "Storage\Nethereum.BlockchainStore.AzureTables.Tests\Nethereum.BlockchainStore.AzureTables.Tests.csproj", "{46617AA0-5E25-460E-9420-5E66279779DF}"
EndProject
Project("{9A19103F-16F7-4668-BE54-9A1E7A4F7556}") = "Microsoft.Configuration.Utils", "Nethereum.Configuration.Utils\Microsoft.Configuration.Utils.csproj", "{B6DA534E-B9C4-499B-8D31-F5FBB3BBD73D}"
EndProject
Project("{2150E333-8FDC-42A3-9474-1A3956D46DE8}") = "Utils", "Utils", "{11C1908F-3417-4A0B-9D63-CD15EFFDA039}"
EndProject
Project("{9A19103F-16F7-4668-BE54-9A1E7A4F7556}") = "Microsoft.Logging.Utils", "Nethereum.Logging.Utils\Microsoft.Logging.Utils.csproj", "{45420D74-75F4-447E-BF92-1CE7DF2341DC}"
EndProject
Project("{9A19103F-16F7-4668-BE54-9A1E7A4F7556}") = "Nethereum.BlockchainProcessing.Common.Tests", "Nethereum.BlockchainProcessing.Common.Tests\Nethereum.BlockchainProcessing.Common.Tests.csproj", "{78DE93D3-C017-4F02-880C-BC4F9055C3F0}"
EndProject
Project("{9A19103F-16F7-4668-BE54-9A1E7A4F7556}") = "Nethereum.LogProcessing.Tests", "Nethereum.LogProcessing.Tests\Nethereum.LogProcessing.Tests.csproj", "{1F9D33CE-EBD0-4B28-865E-F244822C54C7}"
EndProject
Project("{9A19103F-16F7-4668-BE54-9A1E7A4F7556}") = "Nethereum.BlockProcessing.Tests", "Nethereum.BlockProcessing.Tests\Nethereum.BlockProcessing.Tests.csproj", "{80F98309-0180-41AA-800D-DE0A82D748A7}"
EndProject
Project("{2150E333-8FDC-42A3-9474-1A3956D46DE8}") = "Block", "Block", "{73803299-0F80-40A1-8726-74795351E475}"
EndProject
Project("{2150E333-8FDC-42A3-9474-1A3956D46DE8}") = "Logs", "Logs", "{9ED190C5-B88B-4458-91AD-F1BC88C08F70}"
EndProject
Project("{2150E333-8FDC-42A3-9474-1A3956D46DE8}") = "Common", "Common", "{98B1E95E-E41C-4F2F-AB50-E79AEA0B005C}"
EndProject
Project("{9A19103F-16F7-4668-BE54-9A1E7A4F7556}") = "Nethereum.BlockProcessing.InMemory.Console", "Nethereum.BlockProcessing.InMemory.Console\Nethereum.BlockProcessing.InMemory.Console.csproj", "{3410F797-D672-4414-8DD6-72736DAE2B74}"
EndProject
Project("{9A19103F-16F7-4668-BE54-9A1E7A4F7556}") = "Nethereum.LogsProcessing.PerformanceTests", "Nethereum.LogsProcessing.PerformanceTests\Nethereum.LogsProcessing.PerformanceTests.csproj", "{DEE0030B-4574-4043-8024-A012AA24ACE7}"
EndProject
Project("{2150E333-8FDC-42A3-9474-1A3956D46DE8}") = "Hana", "Hana", "{2CA6C6DF-F034-4B3F-9D32-BE901C5005BF}"
EndProject
Project("{FAE04EC0-301F-11D3-BF4B-00C04F79EFBC}") = "Nethereum.BlockchainStore.EF.Hana", "Storage\Nethereum.BlockchainStore.EF.Hana\Nethereum.BlockchainStore.EF.Hana.csproj", "{1E4FAE0D-6D6D-4545-A182-B3FF36C40DE9}"
EndProject
Project("{FAE04EC0-301F-11D3-BF4B-00C04F79EFBC}") = "Nethereum.BlockchainStore.EF.Hana.Tests", "Storage\Nethereum.BlockchainStore.EF.Hana.Tests\Nethereum.BlockchainStore.EF.Hana.Tests.csproj", "{647E192F-1C46-47C2-B7AA-0C0F764D5368}"
EndProject
Project("{9A19103F-16F7-4668-BE54-9A1E7A4F7556}") = "Nethereum.BlockchainStore.EFCore.Sqlite.Tests", "Storage\Nethereum.BlockchainStore.EFCore.Sqlite.Tests\Nethereum.BlockchainStore.EFCore.Sqlite.Tests.csproj", "{F3732FD0-99FE-45DE-ACE4-7C34810FE1B6}"
EndProject
Project("{FAE04EC0-301F-11D3-BF4B-00C04F79EFBC}") = "Nethereum.LogProcessing.Dynamic", "Nethereum.LogProcessing.Dynamic\Nethereum.LogProcessing.Dynamic.csproj", "{13EDC235-F6D3-455A-9582-2F9D05B2821A}"
EndProject
Global
	GlobalSection(SolutionConfigurationPlatforms) = preSolution
		Debug|Any CPU = Debug|Any CPU
		Release|Any CPU = Release|Any CPU
	EndGlobalSection
	GlobalSection(ProjectConfigurationPlatforms) = postSolution
		{3D6FBCF1-6B29-4184-B47A-8F99A4AD1FDD}.Debug|Any CPU.ActiveCfg = Debug|Any CPU
		{3D6FBCF1-6B29-4184-B47A-8F99A4AD1FDD}.Debug|Any CPU.Build.0 = Debug|Any CPU
		{3D6FBCF1-6B29-4184-B47A-8F99A4AD1FDD}.Release|Any CPU.ActiveCfg = Release|Any CPU
		{3D6FBCF1-6B29-4184-B47A-8F99A4AD1FDD}.Release|Any CPU.Build.0 = Release|Any CPU
		{51308750-B91F-4AF7-934D-1B7DF809A0C8}.Debug|Any CPU.ActiveCfg = Debug|Any CPU
		{51308750-B91F-4AF7-934D-1B7DF809A0C8}.Debug|Any CPU.Build.0 = Debug|Any CPU
		{51308750-B91F-4AF7-934D-1B7DF809A0C8}.Release|Any CPU.ActiveCfg = Release|Any CPU
		{51308750-B91F-4AF7-934D-1B7DF809A0C8}.Release|Any CPU.Build.0 = Release|Any CPU
		{FAAC941D-A476-4BBD-9970-1EA5D3D342DC}.Debug|Any CPU.ActiveCfg = Debug|Any CPU
		{FAAC941D-A476-4BBD-9970-1EA5D3D342DC}.Debug|Any CPU.Build.0 = Debug|Any CPU
		{FAAC941D-A476-4BBD-9970-1EA5D3D342DC}.Release|Any CPU.ActiveCfg = Release|Any CPU
		{FAAC941D-A476-4BBD-9970-1EA5D3D342DC}.Release|Any CPU.Build.0 = Release|Any CPU
		{679AAF6C-7BD5-49AB-8C56-C40F33DAFE7B}.Debug|Any CPU.ActiveCfg = Debug|Any CPU
		{679AAF6C-7BD5-49AB-8C56-C40F33DAFE7B}.Debug|Any CPU.Build.0 = Debug|Any CPU
		{679AAF6C-7BD5-49AB-8C56-C40F33DAFE7B}.Release|Any CPU.ActiveCfg = Release|Any CPU
		{679AAF6C-7BD5-49AB-8C56-C40F33DAFE7B}.Release|Any CPU.Build.0 = Release|Any CPU
		{C8A571C5-19DA-4A0E-BFD0-EDDE94341CD8}.Debug|Any CPU.ActiveCfg = Debug|Any CPU
		{C8A571C5-19DA-4A0E-BFD0-EDDE94341CD8}.Debug|Any CPU.Build.0 = Debug|Any CPU
		{C8A571C5-19DA-4A0E-BFD0-EDDE94341CD8}.Release|Any CPU.ActiveCfg = Release|Any CPU
		{C8A571C5-19DA-4A0E-BFD0-EDDE94341CD8}.Release|Any CPU.Build.0 = Release|Any CPU
		{02F9ABCB-B5C0-4EEF-A2E9-723A56629327}.Debug|Any CPU.ActiveCfg = Debug|Any CPU
		{02F9ABCB-B5C0-4EEF-A2E9-723A56629327}.Debug|Any CPU.Build.0 = Debug|Any CPU
		{02F9ABCB-B5C0-4EEF-A2E9-723A56629327}.Release|Any CPU.ActiveCfg = Release|Any CPU
		{02F9ABCB-B5C0-4EEF-A2E9-723A56629327}.Release|Any CPU.Build.0 = Release|Any CPU
		{8C01A591-3F1F-4A7E-9DA6-3B4AD6F98F0A}.Debug|Any CPU.ActiveCfg = Debug|Any CPU
		{8C01A591-3F1F-4A7E-9DA6-3B4AD6F98F0A}.Debug|Any CPU.Build.0 = Debug|Any CPU
		{8C01A591-3F1F-4A7E-9DA6-3B4AD6F98F0A}.Release|Any CPU.ActiveCfg = Release|Any CPU
		{8C01A591-3F1F-4A7E-9DA6-3B4AD6F98F0A}.Release|Any CPU.Build.0 = Release|Any CPU
		{52971CDF-4D80-4BB4-98B8-5D6350D4E7E2}.Debug|Any CPU.ActiveCfg = Debug|Any CPU
		{52971CDF-4D80-4BB4-98B8-5D6350D4E7E2}.Debug|Any CPU.Build.0 = Debug|Any CPU
		{52971CDF-4D80-4BB4-98B8-5D6350D4E7E2}.Release|Any CPU.ActiveCfg = Release|Any CPU
		{52971CDF-4D80-4BB4-98B8-5D6350D4E7E2}.Release|Any CPU.Build.0 = Release|Any CPU
		{3C20D893-C338-4BEE-BB2A-B464B4EAABF8}.Debug|Any CPU.ActiveCfg = Debug|Any CPU
		{3C20D893-C338-4BEE-BB2A-B464B4EAABF8}.Debug|Any CPU.Build.0 = Debug|Any CPU
		{3C20D893-C338-4BEE-BB2A-B464B4EAABF8}.Release|Any CPU.ActiveCfg = Release|Any CPU
		{3C20D893-C338-4BEE-BB2A-B464B4EAABF8}.Release|Any CPU.Build.0 = Release|Any CPU
		{0175F3AA-4169-41B3-80CC-B59B2833402E}.Debug|Any CPU.ActiveCfg = Debug|Any CPU
		{0175F3AA-4169-41B3-80CC-B59B2833402E}.Debug|Any CPU.Build.0 = Debug|Any CPU
		{0175F3AA-4169-41B3-80CC-B59B2833402E}.Release|Any CPU.ActiveCfg = Release|Any CPU
		{0175F3AA-4169-41B3-80CC-B59B2833402E}.Release|Any CPU.Build.0 = Release|Any CPU
		{95027DBA-72BE-4079-8DE2-BB4349109901}.Debug|Any CPU.ActiveCfg = Debug|Any CPU
		{95027DBA-72BE-4079-8DE2-BB4349109901}.Debug|Any CPU.Build.0 = Debug|Any CPU
		{95027DBA-72BE-4079-8DE2-BB4349109901}.Release|Any CPU.ActiveCfg = Release|Any CPU
		{95027DBA-72BE-4079-8DE2-BB4349109901}.Release|Any CPU.Build.0 = Release|Any CPU
		{3399E8E1-8F77-43C6-BC28-CB2099A61F15}.Debug|Any CPU.ActiveCfg = Debug|Any CPU
		{3399E8E1-8F77-43C6-BC28-CB2099A61F15}.Debug|Any CPU.Build.0 = Debug|Any CPU
		{3399E8E1-8F77-43C6-BC28-CB2099A61F15}.Release|Any CPU.ActiveCfg = Release|Any CPU
		{3399E8E1-8F77-43C6-BC28-CB2099A61F15}.Release|Any CPU.Build.0 = Release|Any CPU
		{7BC335A6-2A18-42C3-9F30-37804541B8B8}.Debug|Any CPU.ActiveCfg = Debug|Any CPU
		{7BC335A6-2A18-42C3-9F30-37804541B8B8}.Debug|Any CPU.Build.0 = Debug|Any CPU
		{7BC335A6-2A18-42C3-9F30-37804541B8B8}.Release|Any CPU.ActiveCfg = Release|Any CPU
		{7BC335A6-2A18-42C3-9F30-37804541B8B8}.Release|Any CPU.Build.0 = Release|Any CPU
		{374D65D7-EF59-414D-9A9E-B743DD2683BD}.Debug|Any CPU.ActiveCfg = Debug|Any CPU
		{374D65D7-EF59-414D-9A9E-B743DD2683BD}.Debug|Any CPU.Build.0 = Debug|Any CPU
		{374D65D7-EF59-414D-9A9E-B743DD2683BD}.Release|Any CPU.ActiveCfg = Release|Any CPU
		{374D65D7-EF59-414D-9A9E-B743DD2683BD}.Release|Any CPU.Build.0 = Release|Any CPU
		{F0FE293B-E70A-4CB4-BEDF-B654FCD35E92}.Debug|Any CPU.ActiveCfg = Debug|Any CPU
		{F0FE293B-E70A-4CB4-BEDF-B654FCD35E92}.Debug|Any CPU.Build.0 = Debug|Any CPU
		{F0FE293B-E70A-4CB4-BEDF-B654FCD35E92}.Release|Any CPU.ActiveCfg = Release|Any CPU
		{F0FE293B-E70A-4CB4-BEDF-B654FCD35E92}.Release|Any CPU.Build.0 = Release|Any CPU
		{C095585B-7CFB-4D92-B47B-68841974A6D0}.Debug|Any CPU.ActiveCfg = Debug|Any CPU
		{C095585B-7CFB-4D92-B47B-68841974A6D0}.Debug|Any CPU.Build.0 = Debug|Any CPU
		{C095585B-7CFB-4D92-B47B-68841974A6D0}.Release|Any CPU.ActiveCfg = Release|Any CPU
		{C095585B-7CFB-4D92-B47B-68841974A6D0}.Release|Any CPU.Build.0 = Release|Any CPU
		{9CEBB355-7B4B-4CC0-A572-69B886D928CE}.Debug|Any CPU.ActiveCfg = Debug|Any CPU
		{9CEBB355-7B4B-4CC0-A572-69B886D928CE}.Debug|Any CPU.Build.0 = Debug|Any CPU
		{9CEBB355-7B4B-4CC0-A572-69B886D928CE}.Release|Any CPU.ActiveCfg = Release|Any CPU
		{9CEBB355-7B4B-4CC0-A572-69B886D928CE}.Release|Any CPU.Build.0 = Release|Any CPU
		{B0546525-1769-4927-AE7E-0248EA24F58A}.Debug|Any CPU.ActiveCfg = Debug|Any CPU
		{B0546525-1769-4927-AE7E-0248EA24F58A}.Debug|Any CPU.Build.0 = Debug|Any CPU
		{B0546525-1769-4927-AE7E-0248EA24F58A}.Release|Any CPU.ActiveCfg = Release|Any CPU
		{B0546525-1769-4927-AE7E-0248EA24F58A}.Release|Any CPU.Build.0 = Release|Any CPU
		{FA29B8BB-C5C3-44FA-8124-25B6FB56BFAD}.Debug|Any CPU.ActiveCfg = Debug|Any CPU
		{FA29B8BB-C5C3-44FA-8124-25B6FB56BFAD}.Debug|Any CPU.Build.0 = Debug|Any CPU
		{FA29B8BB-C5C3-44FA-8124-25B6FB56BFAD}.Release|Any CPU.ActiveCfg = Release|Any CPU
		{FA29B8BB-C5C3-44FA-8124-25B6FB56BFAD}.Release|Any CPU.Build.0 = Release|Any CPU
		{6D67C3E1-A759-4939-95AF-146BEABF774D}.Debug|Any CPU.ActiveCfg = Debug|Any CPU
		{6D67C3E1-A759-4939-95AF-146BEABF774D}.Debug|Any CPU.Build.0 = Debug|Any CPU
		{6D67C3E1-A759-4939-95AF-146BEABF774D}.Release|Any CPU.ActiveCfg = Release|Any CPU
		{6D67C3E1-A759-4939-95AF-146BEABF774D}.Release|Any CPU.Build.0 = Release|Any CPU
		{85A66A64-42BA-49D4-AEAE-D1F0B07AF07C}.Debug|Any CPU.ActiveCfg = Debug|Any CPU
		{85A66A64-42BA-49D4-AEAE-D1F0B07AF07C}.Debug|Any CPU.Build.0 = Debug|Any CPU
		{85A66A64-42BA-49D4-AEAE-D1F0B07AF07C}.Release|Any CPU.ActiveCfg = Release|Any CPU
		{85A66A64-42BA-49D4-AEAE-D1F0B07AF07C}.Release|Any CPU.Build.0 = Release|Any CPU
		{F5CCF8AB-5DCC-429A-B1A0-4ACCCFA07164}.Debug|Any CPU.ActiveCfg = Debug|Any CPU
		{F5CCF8AB-5DCC-429A-B1A0-4ACCCFA07164}.Debug|Any CPU.Build.0 = Debug|Any CPU
		{F5CCF8AB-5DCC-429A-B1A0-4ACCCFA07164}.Release|Any CPU.ActiveCfg = Release|Any CPU
		{F5CCF8AB-5DCC-429A-B1A0-4ACCCFA07164}.Release|Any CPU.Build.0 = Release|Any CPU
		{C5FF2A24-2693-4EAF-80F2-7F1FD0552079}.Debug|Any CPU.ActiveCfg = Debug|Any CPU
		{C5FF2A24-2693-4EAF-80F2-7F1FD0552079}.Debug|Any CPU.Build.0 = Debug|Any CPU
		{C5FF2A24-2693-4EAF-80F2-7F1FD0552079}.Release|Any CPU.ActiveCfg = Release|Any CPU
		{C5FF2A24-2693-4EAF-80F2-7F1FD0552079}.Release|Any CPU.Build.0 = Release|Any CPU
		{D37F7922-C996-46A1-8560-8C04DEE5E74E}.Debug|Any CPU.ActiveCfg = Debug|Any CPU
		{D37F7922-C996-46A1-8560-8C04DEE5E74E}.Debug|Any CPU.Build.0 = Debug|Any CPU
		{D37F7922-C996-46A1-8560-8C04DEE5E74E}.Release|Any CPU.ActiveCfg = Release|Any CPU
		{D37F7922-C996-46A1-8560-8C04DEE5E74E}.Release|Any CPU.Build.0 = Release|Any CPU
		{17B527BE-B598-4729-981B-0200266F7278}.Debug|Any CPU.ActiveCfg = Debug|Any CPU
		{17B527BE-B598-4729-981B-0200266F7278}.Debug|Any CPU.Build.0 = Debug|Any CPU
		{17B527BE-B598-4729-981B-0200266F7278}.Release|Any CPU.ActiveCfg = Release|Any CPU
		{17B527BE-B598-4729-981B-0200266F7278}.Release|Any CPU.Build.0 = Release|Any CPU
		{8A1CB2B9-9EFF-4817-B0DA-1A5D8FD7A104}.Debug|Any CPU.ActiveCfg = Debug|Any CPU
		{8A1CB2B9-9EFF-4817-B0DA-1A5D8FD7A104}.Debug|Any CPU.Build.0 = Debug|Any CPU
		{8A1CB2B9-9EFF-4817-B0DA-1A5D8FD7A104}.Release|Any CPU.ActiveCfg = Release|Any CPU
		{8A1CB2B9-9EFF-4817-B0DA-1A5D8FD7A104}.Release|Any CPU.Build.0 = Release|Any CPU
		{4276B967-10BD-4A82-98EA-6A36F9879C81}.Debug|Any CPU.ActiveCfg = Debug|Any CPU
		{4276B967-10BD-4A82-98EA-6A36F9879C81}.Debug|Any CPU.Build.0 = Debug|Any CPU
		{4276B967-10BD-4A82-98EA-6A36F9879C81}.Release|Any CPU.ActiveCfg = Release|Any CPU
		{4276B967-10BD-4A82-98EA-6A36F9879C81}.Release|Any CPU.Build.0 = Release|Any CPU
		{AB9C97C1-AFEE-4EAB-B22B-95C65F72C44B}.Debug|Any CPU.ActiveCfg = Debug|Any CPU
		{AB9C97C1-AFEE-4EAB-B22B-95C65F72C44B}.Debug|Any CPU.Build.0 = Debug|Any CPU
		{AB9C97C1-AFEE-4EAB-B22B-95C65F72C44B}.Release|Any CPU.ActiveCfg = Release|Any CPU
		{AB9C97C1-AFEE-4EAB-B22B-95C65F72C44B}.Release|Any CPU.Build.0 = Release|Any CPU
		{01A1FCBA-97AA-4F6A-A1EB-4FCCF750ED1E}.Debug|Any CPU.ActiveCfg = Debug|Any CPU
		{01A1FCBA-97AA-4F6A-A1EB-4FCCF750ED1E}.Debug|Any CPU.Build.0 = Debug|Any CPU
		{01A1FCBA-97AA-4F6A-A1EB-4FCCF750ED1E}.Release|Any CPU.ActiveCfg = Release|Any CPU
		{01A1FCBA-97AA-4F6A-A1EB-4FCCF750ED1E}.Release|Any CPU.Build.0 = Release|Any CPU
		{5415D5F1-5EE2-4627-B0F4-DD80A236527C}.Debug|Any CPU.ActiveCfg = Debug|Any CPU
		{5415D5F1-5EE2-4627-B0F4-DD80A236527C}.Debug|Any CPU.Build.0 = Debug|Any CPU
		{5415D5F1-5EE2-4627-B0F4-DD80A236527C}.Release|Any CPU.ActiveCfg = Release|Any CPU
		{5415D5F1-5EE2-4627-B0F4-DD80A236527C}.Release|Any CPU.Build.0 = Release|Any CPU
		{05D27861-5304-496C-B630-E632CF441D5E}.Debug|Any CPU.ActiveCfg = Debug|Any CPU
		{05D27861-5304-496C-B630-E632CF441D5E}.Debug|Any CPU.Build.0 = Debug|Any CPU
		{05D27861-5304-496C-B630-E632CF441D5E}.Release|Any CPU.ActiveCfg = Release|Any CPU
		{05D27861-5304-496C-B630-E632CF441D5E}.Release|Any CPU.Build.0 = Release|Any CPU
		{2E838D9C-CDA7-40CF-971E-CDBBA941E327}.Debug|Any CPU.ActiveCfg = Debug|Any CPU
		{2E838D9C-CDA7-40CF-971E-CDBBA941E327}.Debug|Any CPU.Build.0 = Debug|Any CPU
		{2E838D9C-CDA7-40CF-971E-CDBBA941E327}.Release|Any CPU.ActiveCfg = Release|Any CPU
		{2E838D9C-CDA7-40CF-971E-CDBBA941E327}.Release|Any CPU.Build.0 = Release|Any CPU
		{436EDF21-C9B8-48B5-ADFD-C716FE905487}.Debug|Any CPU.ActiveCfg = Debug|Any CPU
		{436EDF21-C9B8-48B5-ADFD-C716FE905487}.Debug|Any CPU.Build.0 = Debug|Any CPU
		{436EDF21-C9B8-48B5-ADFD-C716FE905487}.Release|Any CPU.ActiveCfg = Release|Any CPU
		{436EDF21-C9B8-48B5-ADFD-C716FE905487}.Release|Any CPU.Build.0 = Release|Any CPU
		{2C1988AA-D6C2-4EEF-9550-9613DB1E919E}.Debug|Any CPU.ActiveCfg = Debug|Any CPU
		{2C1988AA-D6C2-4EEF-9550-9613DB1E919E}.Debug|Any CPU.Build.0 = Debug|Any CPU
		{2C1988AA-D6C2-4EEF-9550-9613DB1E919E}.Release|Any CPU.ActiveCfg = Release|Any CPU
		{2C1988AA-D6C2-4EEF-9550-9613DB1E919E}.Release|Any CPU.Build.0 = Release|Any CPU
		{127B9D44-E7BF-40AF-93D3-165426AA7A59}.Debug|Any CPU.ActiveCfg = Debug|Any CPU
		{127B9D44-E7BF-40AF-93D3-165426AA7A59}.Debug|Any CPU.Build.0 = Debug|Any CPU
		{127B9D44-E7BF-40AF-93D3-165426AA7A59}.Release|Any CPU.ActiveCfg = Release|Any CPU
		{127B9D44-E7BF-40AF-93D3-165426AA7A59}.Release|Any CPU.Build.0 = Release|Any CPU
		{45C6C43E-40E8-4A24-85EF-BAEF201FA26E}.Debug|Any CPU.ActiveCfg = Debug|Any CPU
		{45C6C43E-40E8-4A24-85EF-BAEF201FA26E}.Debug|Any CPU.Build.0 = Debug|Any CPU
		{45C6C43E-40E8-4A24-85EF-BAEF201FA26E}.Release|Any CPU.ActiveCfg = Release|Any CPU
		{45C6C43E-40E8-4A24-85EF-BAEF201FA26E}.Release|Any CPU.Build.0 = Release|Any CPU
		{46617AA0-5E25-460E-9420-5E66279779DF}.Debug|Any CPU.ActiveCfg = Debug|Any CPU
		{46617AA0-5E25-460E-9420-5E66279779DF}.Debug|Any CPU.Build.0 = Debug|Any CPU
		{46617AA0-5E25-460E-9420-5E66279779DF}.Release|Any CPU.ActiveCfg = Release|Any CPU
		{46617AA0-5E25-460E-9420-5E66279779DF}.Release|Any CPU.Build.0 = Release|Any CPU
		{B6DA534E-B9C4-499B-8D31-F5FBB3BBD73D}.Debug|Any CPU.ActiveCfg = Debug|Any CPU
		{B6DA534E-B9C4-499B-8D31-F5FBB3BBD73D}.Debug|Any CPU.Build.0 = Debug|Any CPU
		{B6DA534E-B9C4-499B-8D31-F5FBB3BBD73D}.Release|Any CPU.ActiveCfg = Release|Any CPU
		{B6DA534E-B9C4-499B-8D31-F5FBB3BBD73D}.Release|Any CPU.Build.0 = Release|Any CPU
		{45420D74-75F4-447E-BF92-1CE7DF2341DC}.Debug|Any CPU.ActiveCfg = Debug|Any CPU
		{45420D74-75F4-447E-BF92-1CE7DF2341DC}.Debug|Any CPU.Build.0 = Debug|Any CPU
		{45420D74-75F4-447E-BF92-1CE7DF2341DC}.Release|Any CPU.ActiveCfg = Release|Any CPU
		{45420D74-75F4-447E-BF92-1CE7DF2341DC}.Release|Any CPU.Build.0 = Release|Any CPU
		{78DE93D3-C017-4F02-880C-BC4F9055C3F0}.Debug|Any CPU.ActiveCfg = Debug|Any CPU
		{78DE93D3-C017-4F02-880C-BC4F9055C3F0}.Debug|Any CPU.Build.0 = Debug|Any CPU
		{78DE93D3-C017-4F02-880C-BC4F9055C3F0}.Release|Any CPU.ActiveCfg = Release|Any CPU
		{78DE93D3-C017-4F02-880C-BC4F9055C3F0}.Release|Any CPU.Build.0 = Release|Any CPU
		{1F9D33CE-EBD0-4B28-865E-F244822C54C7}.Debug|Any CPU.ActiveCfg = Debug|Any CPU
		{1F9D33CE-EBD0-4B28-865E-F244822C54C7}.Debug|Any CPU.Build.0 = Debug|Any CPU
		{1F9D33CE-EBD0-4B28-865E-F244822C54C7}.Release|Any CPU.ActiveCfg = Release|Any CPU
		{1F9D33CE-EBD0-4B28-865E-F244822C54C7}.Release|Any CPU.Build.0 = Release|Any CPU
		{80F98309-0180-41AA-800D-DE0A82D748A7}.Debug|Any CPU.ActiveCfg = Debug|Any CPU
		{80F98309-0180-41AA-800D-DE0A82D748A7}.Debug|Any CPU.Build.0 = Debug|Any CPU
		{80F98309-0180-41AA-800D-DE0A82D748A7}.Release|Any CPU.ActiveCfg = Release|Any CPU
		{80F98309-0180-41AA-800D-DE0A82D748A7}.Release|Any CPU.Build.0 = Release|Any CPU
		{3410F797-D672-4414-8DD6-72736DAE2B74}.Debug|Any CPU.ActiveCfg = Debug|Any CPU
		{3410F797-D672-4414-8DD6-72736DAE2B74}.Debug|Any CPU.Build.0 = Debug|Any CPU
		{3410F797-D672-4414-8DD6-72736DAE2B74}.Release|Any CPU.ActiveCfg = Release|Any CPU
		{3410F797-D672-4414-8DD6-72736DAE2B74}.Release|Any CPU.Build.0 = Release|Any CPU
		{DEE0030B-4574-4043-8024-A012AA24ACE7}.Debug|Any CPU.ActiveCfg = Debug|Any CPU
		{DEE0030B-4574-4043-8024-A012AA24ACE7}.Debug|Any CPU.Build.0 = Debug|Any CPU
		{DEE0030B-4574-4043-8024-A012AA24ACE7}.Release|Any CPU.ActiveCfg = Release|Any CPU
		{DEE0030B-4574-4043-8024-A012AA24ACE7}.Release|Any CPU.Build.0 = Release|Any CPU
		{1E4FAE0D-6D6D-4545-A182-B3FF36C40DE9}.Debug|Any CPU.ActiveCfg = Debug|Any CPU
		{1E4FAE0D-6D6D-4545-A182-B3FF36C40DE9}.Debug|Any CPU.Build.0 = Debug|Any CPU
		{1E4FAE0D-6D6D-4545-A182-B3FF36C40DE9}.Release|Any CPU.ActiveCfg = Release|Any CPU
		{1E4FAE0D-6D6D-4545-A182-B3FF36C40DE9}.Release|Any CPU.Build.0 = Release|Any CPU
		{647E192F-1C46-47C2-B7AA-0C0F764D5368}.Debug|Any CPU.ActiveCfg = Debug|Any CPU
		{647E192F-1C46-47C2-B7AA-0C0F764D5368}.Debug|Any CPU.Build.0 = Debug|Any CPU
		{647E192F-1C46-47C2-B7AA-0C0F764D5368}.Release|Any CPU.ActiveCfg = Release|Any CPU
		{647E192F-1C46-47C2-B7AA-0C0F764D5368}.Release|Any CPU.Build.0 = Release|Any CPU
		{F3732FD0-99FE-45DE-ACE4-7C34810FE1B6}.Debug|Any CPU.ActiveCfg = Debug|Any CPU
		{F3732FD0-99FE-45DE-ACE4-7C34810FE1B6}.Debug|Any CPU.Build.0 = Debug|Any CPU
		{F3732FD0-99FE-45DE-ACE4-7C34810FE1B6}.Release|Any CPU.ActiveCfg = Release|Any CPU
		{F3732FD0-99FE-45DE-ACE4-7C34810FE1B6}.Release|Any CPU.Build.0 = Release|Any CPU
		{13EDC235-F6D3-455A-9582-2F9D05B2821A}.Debug|Any CPU.ActiveCfg = Debug|Any CPU
		{13EDC235-F6D3-455A-9582-2F9D05B2821A}.Debug|Any CPU.Build.0 = Debug|Any CPU
		{13EDC235-F6D3-455A-9582-2F9D05B2821A}.Release|Any CPU.ActiveCfg = Release|Any CPU
		{13EDC235-F6D3-455A-9582-2F9D05B2821A}.Release|Any CPU.Build.0 = Release|Any CPU
	EndGlobalSection
	GlobalSection(SolutionProperties) = preSolution
		HideSolutionNode = FALSE
	EndGlobalSection
	GlobalSection(NestedProjects) = preSolution
		{3D6FBCF1-6B29-4184-B47A-8F99A4AD1FDD} = {98B1E95E-E41C-4F2F-AB50-E79AEA0B005C}
		{51308750-B91F-4AF7-934D-1B7DF809A0C8} = {EFB15A00-7A8C-47E0-BC88-517E5E2FFA74}
		{FAAC941D-A476-4BBD-9970-1EA5D3D342DC} = {5F863173-5A5E-460C-BC8F-F11F66595957}
		{679AAF6C-7BD5-49AB-8C56-C40F33DAFE7B} = {D44F6868-27B9-4F10-B12A-A81A65C720DB}
		{C8A571C5-19DA-4A0E-BFD0-EDDE94341CD8} = {D44F6868-27B9-4F10-B12A-A81A65C720DB}
		{02F9ABCB-B5C0-4EEF-A2E9-723A56629327} = {DF8339B8-A6E1-4BE1-AE6D-26395F4A34F9}
		{8C01A591-3F1F-4A7E-9DA6-3B4AD6F98F0A} = {DF8339B8-A6E1-4BE1-AE6D-26395F4A34F9}
		{52971CDF-4D80-4BB4-98B8-5D6350D4E7E2} = {DF8339B8-A6E1-4BE1-AE6D-26395F4A34F9}
		{3C20D893-C338-4BEE-BB2A-B464B4EAABF8} = {05E90063-C90D-4881-BA60-2E746C9218BE}
		{0175F3AA-4169-41B3-80CC-B59B2833402E} = {05E90063-C90D-4881-BA60-2E746C9218BE}
		{95027DBA-72BE-4079-8DE2-BB4349109901} = {05E90063-C90D-4881-BA60-2E746C9218BE}
		{3399E8E1-8F77-43C6-BC28-CB2099A61F15} = {775C4504-B879-4197-8753-49E0BDFF423A}
		{7BC335A6-2A18-42C3-9F30-37804541B8B8} = {2C445FDC-D0B5-4AE1-8A42-FA6DF500E458}
		{374D65D7-EF59-414D-9A9E-B743DD2683BD} = {2C445FDC-D0B5-4AE1-8A42-FA6DF500E458}
		{F0FE293B-E70A-4CB4-BEDF-B654FCD35E92} = {79D57AB6-92F5-422F-9F9F-07CE0702611F}
		{C095585B-7CFB-4D92-B47B-68841974A6D0} = {8088344D-BA4B-4536-B0BB-FC8035D5A0C9}
		{9CEBB355-7B4B-4CC0-A572-69B886D928CE} = {8088344D-BA4B-4536-B0BB-FC8035D5A0C9}
		{B0546525-1769-4927-AE7E-0248EA24F58A} = {3A3CA042-6FE0-4C26-9D76-90D2B3BE5072}
		{FA29B8BB-C5C3-44FA-8124-25B6FB56BFAD} = {995D4B83-BDE8-4A7B-A183-7739D91B1368}
		{6D67C3E1-A759-4939-95AF-146BEABF774D} = {995D4B83-BDE8-4A7B-A183-7739D91B1368}
		{85A66A64-42BA-49D4-AEAE-D1F0B07AF07C} = {79D57AB6-92F5-422F-9F9F-07CE0702611F}
		{F5CCF8AB-5DCC-429A-B1A0-4ACCCFA07164} = {79D57AB6-92F5-422F-9F9F-07CE0702611F}
		{C5FF2A24-2693-4EAF-80F2-7F1FD0552079} = {5F863173-5A5E-460C-BC8F-F11F66595957}
		{D37F7922-C996-46A1-8560-8C04DEE5E74E} = {5F863173-5A5E-460C-BC8F-F11F66595957}
		{17B527BE-B598-4729-981B-0200266F7278} = {4B84B289-4490-4248-A3AF-D23059FC94D8}
		{8A1CB2B9-9EFF-4817-B0DA-1A5D8FD7A104} = {4B84B289-4490-4248-A3AF-D23059FC94D8}
		{4276B967-10BD-4A82-98EA-6A36F9879C81} = {4B84B289-4490-4248-A3AF-D23059FC94D8}
		{AB9C97C1-AFEE-4EAB-B22B-95C65F72C44B} = {5F863173-5A5E-460C-BC8F-F11F66595957}
		{01A1FCBA-97AA-4F6A-A1EB-4FCCF750ED1E} = {5F863173-5A5E-460C-BC8F-F11F66595957}
		{7EE23202-3B58-4743-8D18-8ECF5B41D0DC} = {38C3E7F3-F3E0-43CC-BF1F-CC040909E1E5}
		{4B84B289-4490-4248-A3AF-D23059FC94D8} = {38C3E7F3-F3E0-43CC-BF1F-CC040909E1E5}
		{5F863173-5A5E-460C-BC8F-F11F66595957} = {38C3E7F3-F3E0-43CC-BF1F-CC040909E1E5}
		{207DD0DD-FA43-4DC6-A35D-004FFD9CE79F} = {7EE23202-3B58-4743-8D18-8ECF5B41D0DC}
		{45DF9246-121C-46D9-9D96-F3BC7B199A33} = {7EE23202-3B58-4743-8D18-8ECF5B41D0DC}
		{2C445FDC-D0B5-4AE1-8A42-FA6DF500E458} = {207DD0DD-FA43-4DC6-A35D-004FFD9CE79F}
		{8088344D-BA4B-4536-B0BB-FC8035D5A0C9} = {207DD0DD-FA43-4DC6-A35D-004FFD9CE79F}
		{775C4504-B879-4197-8753-49E0BDFF423A} = {207DD0DD-FA43-4DC6-A35D-004FFD9CE79F}
		{995D4B83-BDE8-4A7B-A183-7739D91B1368} = {45DF9246-121C-46D9-9D96-F3BC7B199A33}
		{79D57AB6-92F5-422F-9F9F-07CE0702611F} = {45DF9246-121C-46D9-9D96-F3BC7B199A33}
		{3A3CA042-6FE0-4C26-9D76-90D2B3BE5072} = {45DF9246-121C-46D9-9D96-F3BC7B199A33}
		{D44F6868-27B9-4F10-B12A-A81A65C720DB} = {7EE23202-3B58-4743-8D18-8ECF5B41D0DC}
		{DF8339B8-A6E1-4BE1-AE6D-26395F4A34F9} = {7EE23202-3B58-4743-8D18-8ECF5B41D0DC}
		{05E90063-C90D-4881-BA60-2E746C9218BE} = {7EE23202-3B58-4743-8D18-8ECF5B41D0DC}
		{02E07FCC-431E-4110-A968-0864C54640C7} = {A7C2B9B7-E71D-45D7-B9D9-3852BD66DF52}
		{EFB15A00-7A8C-47E0-BC88-517E5E2FFA74} = {38C3E7F3-F3E0-43CC-BF1F-CC040909E1E5}
		{D7F91F42-66ED-41AD-918E-00F272273B55} = {7EE23202-3B58-4743-8D18-8ECF5B41D0DC}
		{5415D5F1-5EE2-4627-B0F4-DD80A236527C} = {D7F91F42-66ED-41AD-918E-00F272273B55}
		{05D27861-5304-496C-B630-E632CF441D5E} = {D7F91F42-66ED-41AD-918E-00F272273B55}
		{2E838D9C-CDA7-40CF-971E-CDBBA941E327} = {D7F91F42-66ED-41AD-918E-00F272273B55}
		{436EDF21-C9B8-48B5-ADFD-C716FE905487} = {73803299-0F80-40A1-8726-74795351E475}
		{2C1988AA-D6C2-4EEF-9550-9613DB1E919E} = {9ED190C5-B88B-4458-91AD-F1BC88C08F70}
		{127B9D44-E7BF-40AF-93D3-165426AA7A59} = {9ED190C5-B88B-4458-91AD-F1BC88C08F70}
		{45C6C43E-40E8-4A24-85EF-BAEF201FA26E} = {73803299-0F80-40A1-8726-74795351E475}
		{46617AA0-5E25-460E-9420-5E66279779DF} = {D44F6868-27B9-4F10-B12A-A81A65C720DB}
		{B6DA534E-B9C4-499B-8D31-F5FBB3BBD73D} = {11C1908F-3417-4A0B-9D63-CD15EFFDA039}
		{45420D74-75F4-447E-BF92-1CE7DF2341DC} = {11C1908F-3417-4A0B-9D63-CD15EFFDA039}
		{78DE93D3-C017-4F02-880C-BC4F9055C3F0} = {98B1E95E-E41C-4F2F-AB50-E79AEA0B005C}
		{1F9D33CE-EBD0-4B28-865E-F244822C54C7} = {9ED190C5-B88B-4458-91AD-F1BC88C08F70}
		{80F98309-0180-41AA-800D-DE0A82D748A7} = {73803299-0F80-40A1-8726-74795351E475}
		{3410F797-D672-4414-8DD6-72736DAE2B74} = {73803299-0F80-40A1-8726-74795351E475}
		{DEE0030B-4574-4043-8024-A012AA24ACE7} = {9ED190C5-B88B-4458-91AD-F1BC88C08F70}
		{2CA6C6DF-F034-4B3F-9D32-BE901C5005BF} = {207DD0DD-FA43-4DC6-A35D-004FFD9CE79F}
		{1E4FAE0D-6D6D-4545-A182-B3FF36C40DE9} = {2CA6C6DF-F034-4B3F-9D32-BE901C5005BF}
		{647E192F-1C46-47C2-B7AA-0C0F764D5368} = {2CA6C6DF-F034-4B3F-9D32-BE901C5005BF}
		{F3732FD0-99FE-45DE-ACE4-7C34810FE1B6} = {995D4B83-BDE8-4A7B-A183-7739D91B1368}
		{13EDC235-F6D3-455A-9582-2F9D05B2821A} = {9ED190C5-B88B-4458-91AD-F1BC88C08F70}
	EndGlobalSection
	GlobalSection(ExtensibilityGlobals) = postSolution
		SolutionGuid = {E8BDA708-C821-4538-93BC-8FC3DCC98B7B}
	EndGlobalSection
EndGlobal
