
Microsoft Visual Studio Solution File, Format Version 12.00
# Visual Studio 15
VisualStudioVersion = 15.0.27703.2047
MinimumVisualStudioVersion = 10.0.40219.1
Project("{9A19103F-16F7-4668-BE54-9A1E7A4F7556}") = "Nethereum.BlockchainStore", "Nethereum.BlockchainStore\Nethereum.BlockchainStore.csproj", "{63EE26BD-D2AF-465D-A2C3-749B57C34493}"
EndProject
Project("{9A19103F-16F7-4668-BE54-9A1E7A4F7556}") = "Nethereum.BlockchainStore.AzureTables", "Nethereum.BlockchainStore.AzureTables\Nethereum.BlockchainStore.AzureTables.csproj", "{BC3A7125-EDC5-4F02-9F39-B01CC46930B8}"
EndProject
Project("{2150E333-8FDC-42A3-9474-1A3956D46DE8}") = "Solution Items", "Solution Items", "{9CDE4559-4CD2-4495-A620-0A251AC3712D}"
	ProjectSection(SolutionItems) = preProject
		README.md = README.md
	EndProjectSection
EndProject
Project("{9A19103F-16F7-4668-BE54-9A1E7A4F7556}") = "Nethereum.BlockchainStore.EFCore.SqlServer", "Nethereum.BlockchainStore.EFCore.SqlServer\Nethereum.BlockchainStore.EFCore.SqlServer.csproj", "{6884E220-6D42-452E-9410-FDBE59EA8DCF}"
EndProject
Project("{9A19103F-16F7-4668-BE54-9A1E7A4F7556}") = "Nethereum.BlockchainStore.EFCore.SqlServer.Console", "Nethereum.BlockchainStore.EFCore.SqlServer.Console\Nethereum.BlockchainStore.EFCore.SqlServer.Console.csproj", "{53EA2EBB-80EB-470E-ADB7-01C3F32F375B}"
EndProject
Project("{9A19103F-16F7-4668-BE54-9A1E7A4F7556}") = "Nethereum.BlockchainStore.EFCore.Sqlite", "Nethereum.BlockchainStore.EFCore.Sqlite\Nethereum.BlockchainStore.EFCore.Sqlite.csproj", "{C9582DF6-DC21-4BC3-BB44-5BCD17CD0FE0}"
EndProject
Project("{9A19103F-16F7-4668-BE54-9A1E7A4F7556}") = "Nethereum.BlockchainStore.EFCore.Sqlite.Console", "Nethereum.BlockchainStore.EFCore.Sqlite.Console\Nethereum.BlockchainStore.EFCore.Sqlite.Console.csproj", "{EE9F91C8-E779-425D-8D53-569C9F889A86}"
EndProject
Project("{9A19103F-16F7-4668-BE54-9A1E7A4F7556}") = "Nethereum.BlockchainStore.EFCore", "Nethereum.BlockchainStore.EFCore\Nethereum.BlockchainStore.EFCore.csproj", "{7DDF81CD-18AB-4F2D-A927-69AD613DEC95}"
EndProject
Project("{9A19103F-16F7-4668-BE54-9A1E7A4F7556}") = "Nethereum.BlockchainStore.EF", "Nethereum.BlockchainStore.EF\Nethereum.BlockchainStore.EF.csproj", "{309808CD-A47F-43FE-AB4C-3CC68C868A07}"
EndProject
Project("{9A19103F-16F7-4668-BE54-9A1E7A4F7556}") = "Nethereum.BlockchainStore.Entities", "Nethereum.BlockchainStore.Entities\Nethereum.BlockchainStore.Entities.csproj", "{D2A436E2-47EA-49BF-B713-4CAC90986755}"
EndProject
Project("{9A19103F-16F7-4668-BE54-9A1E7A4F7556}") = "Nethereum.BlockchainStore.Entities.Mapping", "Nethereum.BlockchainStore.Entities.Mapping\Nethereum.BlockchainStore.Entities.Mapping.csproj", "{0414AA63-E051-454B-96BB-9B6E26BAB85B}"
EndProject
Project("{9A19103F-16F7-4668-BE54-9A1E7A4F7556}") = "Nethereum.BlockchainStore.EF.Sqlite", "Nethereum.BlockchainStore.EF.Sqlite\Nethereum.BlockchainStore.EF.Sqlite.csproj", "{0D487C6E-7AD7-4F92-BDB7-AE6F1609628B}"
EndProject
Project("{9A19103F-16F7-4668-BE54-9A1E7A4F7556}") = "Nethereum.BlockchainStore.EF.Sqlite.Console", "Nethereum.BlockchainStore.EF.Sqlite.Console\Nethereum.BlockchainStore.EF.Sqlite.Console.csproj", "{7542D79D-CB1C-44D5-8065-B310DAF73B5F}"
EndProject
Project("{9A19103F-16F7-4668-BE54-9A1E7A4F7556}") = "Nethereum.BlockchainStore.EF.SqlServer", "Nethereum.BlockchainStore.EF.SqlServer\Nethereum.BlockchainStore.EF.SqlServer.csproj", "{DB173474-84AB-496F-A062-7A00C6C6B3B6}"
EndProject
Project("{2150E333-8FDC-42A3-9474-1A3956D46DE8}") = "EF", "EF", "{DB94E59A-6469-49BC-8629-6174990EE133}"
EndProject
Project("{2150E333-8FDC-42A3-9474-1A3956D46DE8}") = "EFCore", "EFCore", "{674E3D37-89C2-484D-BD20-69D92BDA3790}"
EndProject
Project("{2150E333-8FDC-42A3-9474-1A3956D46DE8}") = "AzureTableStorage", "AzureTableStorage", "{94A26589-358C-4D9E-AF7D-BCF4476A804E}"
EndProject
Project("{2150E333-8FDC-42A3-9474-1A3956D46DE8}") = "CosmosCore", "CosmosCore", "{60286D0D-6F09-4FF0-B51D-C3822CA107A0}"
EndProject
Project("{9A19103F-16F7-4668-BE54-9A1E7A4F7556}") = "Nethereum.BlockchainStore.CosmosCore", "Nethereum.BlockchainStore.CosmosCore\Nethereum.BlockchainStore.CosmosCore.csproj", "{128CD31E-0D08-401F-BEA0-11D48226D328}"
EndProject
Project("{9A19103F-16F7-4668-BE54-9A1E7A4F7556}") = "Nethereum.BlockchainStore.CosmosCore.Console", "Nethereum.BlockchainStore.CosmosCore.Console\Nethereum.BlockchainStore.CosmosCore.Console.csproj", "{8584ADF4-90D9-435B-AEDB-CE2B8DA1FFEB}"
EndProject
Project("{9A19103F-16F7-4668-BE54-9A1E7A4F7556}") = "Nethereum.BlockchainStore.Test.Base", "Nethereum.BlockchainStore.Test.Base\Nethereum.BlockchainStore.Test.Base.csproj", "{3600D4DF-41B5-47A5-AEB5-9F7F42E890CF}"
EndProject
Project("{9A19103F-16F7-4668-BE54-9A1E7A4F7556}") = "Nethereum.BlockchainStore.CosmosCore.Tests", "Nethereum.BlockchainStore.CosmosCore.Tests\Nethereum.BlockchainStore.CosmosCore.Tests.csproj", "{77117972-3913-4E17-B027-EF05EEDBCB8B}"
EndProject
Project("{9A19103F-16F7-4668-BE54-9A1E7A4F7556}") = "Nethereum.BlockchainStore.AzureTables.Core.Console", "Nethereum.BlockchainStore.AzureTables.Core.Console\Nethereum.BlockchainStore.AzureTables.Core.Console.csproj", "{84D7DE38-2D54-4E52-AD79-7101779E1995}"
EndProject
Project("{9A19103F-16F7-4668-BE54-9A1E7A4F7556}") = "Nethereum.BlockchainStore.AzureTables.Tests", "Nethereum.BlockchainStore.AzureTables.Tests\Nethereum.BlockchainStore.AzureTables.Tests.csproj", "{8EEFD631-712C-4D4E-94A3-49CD2CA5541B}"
EndProject
Project("{2150E333-8FDC-42A3-9474-1A3956D46DE8}") = "CSV", "CSV", "{2C2CECA5-279F-43E2-8992-EFA805A0C879}"
EndProject
Project("{9A19103F-16F7-4668-BE54-9A1E7A4F7556}") = "Nethereum.BlockchainStore.Csv", "Nethereum.BlockchainStore.Csv\Nethereum.BlockchainStore.Csv.csproj", "{A4ED4886-27E7-41B7-A567-95F995035AEB}"
EndProject
Project("{9A19103F-16F7-4668-BE54-9A1E7A4F7556}") = "Nethereum.BlockchainStore.Csv.Tests", "Nethereum.BlockchainStore.Csv.Tests\Nethereum.BlockchainStore.Csv.Tests.csproj", "{492A1A17-E628-4F4D-9EFA-73DF9825F714}"
EndProject
Project("{9A19103F-16F7-4668-BE54-9A1E7A4F7556}") = "Nethereum.BlockchainStore.Csv.Console", "Nethereum.BlockchainStore.Csv.Console\Nethereum.BlockchainStore.Csv.Console.csproj", "{5719837D-DEED-462E-B62A-D9DB88E639EE}"
EndProject
Project("{9A19103F-16F7-4668-BE54-9A1E7A4F7556}") = "Nethereum.BlockchainStore.Tests", "Nethereum.BlockchainStore.Tests\Nethereum.BlockchainStore.Tests.csproj", "{963D66C5-D451-4537-A758-68CF1F3527F6}"
EndProject
Project("{2150E333-8FDC-42A3-9474-1A3956D46DE8}") = "Storage", "Storage", "{FA5D6456-9263-4931-B9AA-F756E0939AC6}"
EndProject
Project("{2150E333-8FDC-42A3-9474-1A3956D46DE8}") = "Adaptors", "Adaptors", "{CA6612E6-1EBA-4A5F-83A3-DE18A030B03A}"
EndProject
Project("{2150E333-8FDC-42A3-9474-1A3956D46DE8}") = "Sqlite", "Sqlite", "{ABC590C5-BC2A-4F41-B2E5-B0D14AED5DDC}"
EndProject
Project("{2150E333-8FDC-42A3-9474-1A3956D46DE8}") = "SqlServer", "SqlServer", "{4EC92C22-8FD9-49F5-94B4-1AF62B05030E}"
EndProject
Project("{9A19103F-16F7-4668-BE54-9A1E7A4F7556}") = "Nethereum.BlockchainStore.EFCore.Sqlite.Tests", "Nethereum.BlockchainStore.EFCore.Sqlite.Tests\Nethereum.BlockchainStore.EFCore.Sqlite.Tests.csproj", "{10C5EEDD-B39A-4E63-BA2C-48C9E667AF28}"
EndProject
Project("{9A19103F-16F7-4668-BE54-9A1E7A4F7556}") = "Nethereum.BlockchainStore.EFCore.SqlServer.Tests", "Nethereum.BlockchainStore.EFCore.SqlServer.Tests\Nethereum.BlockchainStore.EFCore.SqlServer.Tests.csproj", "{CD30A578-CAA3-4562-9C55-65510008A407}"
EndProject
Project("{2150E333-8FDC-42A3-9474-1A3956D46DE8}") = "Sqlite", "Sqlite", "{D9D2418A-31C2-4B00-A267-E3809E20B9A6}"
EndProject
Project("{2150E333-8FDC-42A3-9474-1A3956D46DE8}") = "SqlServer", "SqlServer", "{EEDCA637-8CC5-4390-8C10-8BD09AB24947}"
EndProject
Project("{FAE04EC0-301F-11D3-BF4B-00C04F79EFBC}") = "Nethereum.BlockchainStore.EF.Sqlite.Tests", "Nethereum.BlockchainStore.EF.Sqlite.Tests\Nethereum.BlockchainStore.EF.Sqlite.Tests.csproj", "{374D65D7-EF59-414D-9A9E-B743DD2683BD}"
EndProject
Project("{FAE04EC0-301F-11D3-BF4B-00C04F79EFBC}") = "Nethereum.BlockchainStore.EF.SqlServer.Tests", "Nethereum.BlockchainStore.EF.SqlServer.Tests\Nethereum.BlockchainStore.EF.SqlServer.Tests.csproj", "{9CEBB355-7B4B-4CC0-A572-69B886D928CE}"
EndProject
Project("{2150E333-8FDC-42A3-9474-1A3956D46DE8}") = "Search", "Search", "{FB329F89-6656-49DA-8948-DBB1017C15B1}"
EndProject
Project("{FAE04EC0-301F-11D3-BF4B-00C04F79EFBC}") = "Nethereum.BlockchainStore.Search", "Nethereum.BlockchainStore.Search\Nethereum.BlockchainStore.Search.csproj", "{30F1A98B-A6E0-4AAE-9102-662AC8353994}"
EndProject
Project("{FAE04EC0-301F-11D3-BF4B-00C04F79EFBC}") = "Nethereum.BlockchainStore.Search.Tests", "Nethereum.BlockchainStore.Search.Tests\Nethereum.BlockchainStore.Search.Tests.csproj", "{656AF237-5BFA-40F1-9C2F-5FF3917A9EB4}"
EndProject
Global
	GlobalSection(SolutionConfigurationPlatforms) = preSolution
		Debug|Any CPU = Debug|Any CPU
		Release|Any CPU = Release|Any CPU
	EndGlobalSection
	GlobalSection(ProjectConfigurationPlatforms) = postSolution
		{63EE26BD-D2AF-465D-A2C3-749B57C34493}.Debug|Any CPU.ActiveCfg = Debug|Any CPU
		{63EE26BD-D2AF-465D-A2C3-749B57C34493}.Debug|Any CPU.Build.0 = Debug|Any CPU
		{63EE26BD-D2AF-465D-A2C3-749B57C34493}.Release|Any CPU.ActiveCfg = Release|Any CPU
		{63EE26BD-D2AF-465D-A2C3-749B57C34493}.Release|Any CPU.Build.0 = Release|Any CPU
		{BC3A7125-EDC5-4F02-9F39-B01CC46930B8}.Debug|Any CPU.ActiveCfg = Debug|Any CPU
		{BC3A7125-EDC5-4F02-9F39-B01CC46930B8}.Debug|Any CPU.Build.0 = Debug|Any CPU
		{BC3A7125-EDC5-4F02-9F39-B01CC46930B8}.Release|Any CPU.ActiveCfg = Release|Any CPU
		{BC3A7125-EDC5-4F02-9F39-B01CC46930B8}.Release|Any CPU.Build.0 = Release|Any CPU
		{6884E220-6D42-452E-9410-FDBE59EA8DCF}.Debug|Any CPU.ActiveCfg = Debug|Any CPU
		{6884E220-6D42-452E-9410-FDBE59EA8DCF}.Debug|Any CPU.Build.0 = Debug|Any CPU
		{6884E220-6D42-452E-9410-FDBE59EA8DCF}.Release|Any CPU.ActiveCfg = Release|Any CPU
		{6884E220-6D42-452E-9410-FDBE59EA8DCF}.Release|Any CPU.Build.0 = Release|Any CPU
		{53EA2EBB-80EB-470E-ADB7-01C3F32F375B}.Debug|Any CPU.ActiveCfg = Debug|Any CPU
		{53EA2EBB-80EB-470E-ADB7-01C3F32F375B}.Debug|Any CPU.Build.0 = Debug|Any CPU
		{53EA2EBB-80EB-470E-ADB7-01C3F32F375B}.Release|Any CPU.ActiveCfg = Release|Any CPU
		{53EA2EBB-80EB-470E-ADB7-01C3F32F375B}.Release|Any CPU.Build.0 = Release|Any CPU
		{C9582DF6-DC21-4BC3-BB44-5BCD17CD0FE0}.Debug|Any CPU.ActiveCfg = Debug|Any CPU
		{C9582DF6-DC21-4BC3-BB44-5BCD17CD0FE0}.Debug|Any CPU.Build.0 = Debug|Any CPU
		{C9582DF6-DC21-4BC3-BB44-5BCD17CD0FE0}.Release|Any CPU.ActiveCfg = Release|Any CPU
		{C9582DF6-DC21-4BC3-BB44-5BCD17CD0FE0}.Release|Any CPU.Build.0 = Release|Any CPU
		{EE9F91C8-E779-425D-8D53-569C9F889A86}.Debug|Any CPU.ActiveCfg = Debug|Any CPU
		{EE9F91C8-E779-425D-8D53-569C9F889A86}.Debug|Any CPU.Build.0 = Debug|Any CPU
		{EE9F91C8-E779-425D-8D53-569C9F889A86}.Release|Any CPU.ActiveCfg = Release|Any CPU
		{EE9F91C8-E779-425D-8D53-569C9F889A86}.Release|Any CPU.Build.0 = Release|Any CPU
		{7DDF81CD-18AB-4F2D-A927-69AD613DEC95}.Debug|Any CPU.ActiveCfg = Debug|Any CPU
		{7DDF81CD-18AB-4F2D-A927-69AD613DEC95}.Debug|Any CPU.Build.0 = Debug|Any CPU
		{7DDF81CD-18AB-4F2D-A927-69AD613DEC95}.Release|Any CPU.ActiveCfg = Release|Any CPU
		{7DDF81CD-18AB-4F2D-A927-69AD613DEC95}.Release|Any CPU.Build.0 = Release|Any CPU
		{309808CD-A47F-43FE-AB4C-3CC68C868A07}.Debug|Any CPU.ActiveCfg = Debug|Any CPU
		{309808CD-A47F-43FE-AB4C-3CC68C868A07}.Debug|Any CPU.Build.0 = Debug|Any CPU
		{309808CD-A47F-43FE-AB4C-3CC68C868A07}.Release|Any CPU.ActiveCfg = Release|Any CPU
		{309808CD-A47F-43FE-AB4C-3CC68C868A07}.Release|Any CPU.Build.0 = Release|Any CPU
		{D2A436E2-47EA-49BF-B713-4CAC90986755}.Debug|Any CPU.ActiveCfg = Debug|Any CPU
		{D2A436E2-47EA-49BF-B713-4CAC90986755}.Debug|Any CPU.Build.0 = Debug|Any CPU
		{D2A436E2-47EA-49BF-B713-4CAC90986755}.Release|Any CPU.ActiveCfg = Release|Any CPU
		{D2A436E2-47EA-49BF-B713-4CAC90986755}.Release|Any CPU.Build.0 = Release|Any CPU
		{0414AA63-E051-454B-96BB-9B6E26BAB85B}.Debug|Any CPU.ActiveCfg = Debug|Any CPU
		{0414AA63-E051-454B-96BB-9B6E26BAB85B}.Debug|Any CPU.Build.0 = Debug|Any CPU
		{0414AA63-E051-454B-96BB-9B6E26BAB85B}.Release|Any CPU.ActiveCfg = Release|Any CPU
		{0414AA63-E051-454B-96BB-9B6E26BAB85B}.Release|Any CPU.Build.0 = Release|Any CPU
		{0D487C6E-7AD7-4F92-BDB7-AE6F1609628B}.Debug|Any CPU.ActiveCfg = Debug|Any CPU
		{0D487C6E-7AD7-4F92-BDB7-AE6F1609628B}.Debug|Any CPU.Build.0 = Debug|Any CPU
		{0D487C6E-7AD7-4F92-BDB7-AE6F1609628B}.Release|Any CPU.ActiveCfg = Release|Any CPU
		{0D487C6E-7AD7-4F92-BDB7-AE6F1609628B}.Release|Any CPU.Build.0 = Release|Any CPU
		{7542D79D-CB1C-44D5-8065-B310DAF73B5F}.Debug|Any CPU.ActiveCfg = Debug|Any CPU
		{7542D79D-CB1C-44D5-8065-B310DAF73B5F}.Debug|Any CPU.Build.0 = Debug|Any CPU
		{7542D79D-CB1C-44D5-8065-B310DAF73B5F}.Release|Any CPU.ActiveCfg = Release|Any CPU
		{7542D79D-CB1C-44D5-8065-B310DAF73B5F}.Release|Any CPU.Build.0 = Release|Any CPU
		{DB173474-84AB-496F-A062-7A00C6C6B3B6}.Debug|Any CPU.ActiveCfg = Debug|Any CPU
		{DB173474-84AB-496F-A062-7A00C6C6B3B6}.Debug|Any CPU.Build.0 = Debug|Any CPU
		{DB173474-84AB-496F-A062-7A00C6C6B3B6}.Release|Any CPU.ActiveCfg = Release|Any CPU
		{DB173474-84AB-496F-A062-7A00C6C6B3B6}.Release|Any CPU.Build.0 = Release|Any CPU
		{128CD31E-0D08-401F-BEA0-11D48226D328}.Debug|Any CPU.ActiveCfg = Debug|Any CPU
		{128CD31E-0D08-401F-BEA0-11D48226D328}.Debug|Any CPU.Build.0 = Debug|Any CPU
		{128CD31E-0D08-401F-BEA0-11D48226D328}.Release|Any CPU.ActiveCfg = Release|Any CPU
		{128CD31E-0D08-401F-BEA0-11D48226D328}.Release|Any CPU.Build.0 = Release|Any CPU
		{8584ADF4-90D9-435B-AEDB-CE2B8DA1FFEB}.Debug|Any CPU.ActiveCfg = Debug|Any CPU
		{8584ADF4-90D9-435B-AEDB-CE2B8DA1FFEB}.Debug|Any CPU.Build.0 = Debug|Any CPU
		{8584ADF4-90D9-435B-AEDB-CE2B8DA1FFEB}.Release|Any CPU.ActiveCfg = Release|Any CPU
		{8584ADF4-90D9-435B-AEDB-CE2B8DA1FFEB}.Release|Any CPU.Build.0 = Release|Any CPU
		{3600D4DF-41B5-47A5-AEB5-9F7F42E890CF}.Debug|Any CPU.ActiveCfg = Debug|Any CPU
		{3600D4DF-41B5-47A5-AEB5-9F7F42E890CF}.Debug|Any CPU.Build.0 = Debug|Any CPU
		{3600D4DF-41B5-47A5-AEB5-9F7F42E890CF}.Release|Any CPU.ActiveCfg = Release|Any CPU
		{3600D4DF-41B5-47A5-AEB5-9F7F42E890CF}.Release|Any CPU.Build.0 = Release|Any CPU
		{77117972-3913-4E17-B027-EF05EEDBCB8B}.Debug|Any CPU.ActiveCfg = Debug|Any CPU
		{77117972-3913-4E17-B027-EF05EEDBCB8B}.Debug|Any CPU.Build.0 = Debug|Any CPU
		{77117972-3913-4E17-B027-EF05EEDBCB8B}.Release|Any CPU.ActiveCfg = Release|Any CPU
		{77117972-3913-4E17-B027-EF05EEDBCB8B}.Release|Any CPU.Build.0 = Release|Any CPU
		{84D7DE38-2D54-4E52-AD79-7101779E1995}.Debug|Any CPU.ActiveCfg = Debug|Any CPU
		{84D7DE38-2D54-4E52-AD79-7101779E1995}.Debug|Any CPU.Build.0 = Debug|Any CPU
		{84D7DE38-2D54-4E52-AD79-7101779E1995}.Release|Any CPU.ActiveCfg = Release|Any CPU
		{84D7DE38-2D54-4E52-AD79-7101779E1995}.Release|Any CPU.Build.0 = Release|Any CPU
		{8EEFD631-712C-4D4E-94A3-49CD2CA5541B}.Debug|Any CPU.ActiveCfg = Debug|Any CPU
		{8EEFD631-712C-4D4E-94A3-49CD2CA5541B}.Debug|Any CPU.Build.0 = Debug|Any CPU
		{8EEFD631-712C-4D4E-94A3-49CD2CA5541B}.Release|Any CPU.ActiveCfg = Release|Any CPU
		{8EEFD631-712C-4D4E-94A3-49CD2CA5541B}.Release|Any CPU.Build.0 = Release|Any CPU
		{A4ED4886-27E7-41B7-A567-95F995035AEB}.Debug|Any CPU.ActiveCfg = Debug|Any CPU
		{A4ED4886-27E7-41B7-A567-95F995035AEB}.Debug|Any CPU.Build.0 = Debug|Any CPU
		{A4ED4886-27E7-41B7-A567-95F995035AEB}.Release|Any CPU.ActiveCfg = Release|Any CPU
		{A4ED4886-27E7-41B7-A567-95F995035AEB}.Release|Any CPU.Build.0 = Release|Any CPU
		{492A1A17-E628-4F4D-9EFA-73DF9825F714}.Debug|Any CPU.ActiveCfg = Debug|Any CPU
		{492A1A17-E628-4F4D-9EFA-73DF9825F714}.Debug|Any CPU.Build.0 = Debug|Any CPU
		{492A1A17-E628-4F4D-9EFA-73DF9825F714}.Release|Any CPU.ActiveCfg = Release|Any CPU
		{492A1A17-E628-4F4D-9EFA-73DF9825F714}.Release|Any CPU.Build.0 = Release|Any CPU
		{5719837D-DEED-462E-B62A-D9DB88E639EE}.Debug|Any CPU.ActiveCfg = Debug|Any CPU
		{5719837D-DEED-462E-B62A-D9DB88E639EE}.Debug|Any CPU.Build.0 = Debug|Any CPU
		{5719837D-DEED-462E-B62A-D9DB88E639EE}.Release|Any CPU.ActiveCfg = Release|Any CPU
		{5719837D-DEED-462E-B62A-D9DB88E639EE}.Release|Any CPU.Build.0 = Release|Any CPU
		{963D66C5-D451-4537-A758-68CF1F3527F6}.Debug|Any CPU.ActiveCfg = Debug|Any CPU
		{963D66C5-D451-4537-A758-68CF1F3527F6}.Debug|Any CPU.Build.0 = Debug|Any CPU
		{963D66C5-D451-4537-A758-68CF1F3527F6}.Release|Any CPU.ActiveCfg = Release|Any CPU
		{963D66C5-D451-4537-A758-68CF1F3527F6}.Release|Any CPU.Build.0 = Release|Any CPU
		{10C5EEDD-B39A-4E63-BA2C-48C9E667AF28}.Debug|Any CPU.ActiveCfg = Debug|Any CPU
		{10C5EEDD-B39A-4E63-BA2C-48C9E667AF28}.Debug|Any CPU.Build.0 = Debug|Any CPU
		{10C5EEDD-B39A-4E63-BA2C-48C9E667AF28}.Release|Any CPU.ActiveCfg = Release|Any CPU
		{10C5EEDD-B39A-4E63-BA2C-48C9E667AF28}.Release|Any CPU.Build.0 = Release|Any CPU
		{CD30A578-CAA3-4562-9C55-65510008A407}.Debug|Any CPU.ActiveCfg = Debug|Any CPU
		{CD30A578-CAA3-4562-9C55-65510008A407}.Debug|Any CPU.Build.0 = Debug|Any CPU
		{CD30A578-CAA3-4562-9C55-65510008A407}.Release|Any CPU.ActiveCfg = Release|Any CPU
		{CD30A578-CAA3-4562-9C55-65510008A407}.Release|Any CPU.Build.0 = Release|Any CPU
		{374D65D7-EF59-414D-9A9E-B743DD2683BD}.Debug|Any CPU.ActiveCfg = Debug|Any CPU
		{374D65D7-EF59-414D-9A9E-B743DD2683BD}.Debug|Any CPU.Build.0 = Debug|Any CPU
		{374D65D7-EF59-414D-9A9E-B743DD2683BD}.Release|Any CPU.ActiveCfg = Release|Any CPU
		{374D65D7-EF59-414D-9A9E-B743DD2683BD}.Release|Any CPU.Build.0 = Release|Any CPU
		{9CEBB355-7B4B-4CC0-A572-69B886D928CE}.Debug|Any CPU.ActiveCfg = Debug|Any CPU
		{9CEBB355-7B4B-4CC0-A572-69B886D928CE}.Debug|Any CPU.Build.0 = Debug|Any CPU
		{9CEBB355-7B4B-4CC0-A572-69B886D928CE}.Release|Any CPU.ActiveCfg = Release|Any CPU
		{9CEBB355-7B4B-4CC0-A572-69B886D928CE}.Release|Any CPU.Build.0 = Release|Any CPU
		{30F1A98B-A6E0-4AAE-9102-662AC8353994}.Debug|Any CPU.ActiveCfg = Debug|Any CPU
		{30F1A98B-A6E0-4AAE-9102-662AC8353994}.Debug|Any CPU.Build.0 = Debug|Any CPU
		{30F1A98B-A6E0-4AAE-9102-662AC8353994}.Release|Any CPU.ActiveCfg = Release|Any CPU
		{30F1A98B-A6E0-4AAE-9102-662AC8353994}.Release|Any CPU.Build.0 = Release|Any CPU
		{656AF237-5BFA-40F1-9C2F-5FF3917A9EB4}.Debug|Any CPU.ActiveCfg = Debug|Any CPU
		{656AF237-5BFA-40F1-9C2F-5FF3917A9EB4}.Debug|Any CPU.Build.0 = Debug|Any CPU
		{656AF237-5BFA-40F1-9C2F-5FF3917A9EB4}.Release|Any CPU.ActiveCfg = Release|Any CPU
		{656AF237-5BFA-40F1-9C2F-5FF3917A9EB4}.Release|Any CPU.Build.0 = Release|Any CPU
	EndGlobalSection
	GlobalSection(SolutionProperties) = preSolution
		HideSolutionNode = FALSE
	EndGlobalSection
	GlobalSection(NestedProjects) = preSolution
		{63EE26BD-D2AF-465D-A2C3-749B57C34493} = {FA5D6456-9263-4931-B9AA-F756E0939AC6}
		{BC3A7125-EDC5-4F02-9F39-B01CC46930B8} = {94A26589-358C-4D9E-AF7D-BCF4476A804E}
		{6884E220-6D42-452E-9410-FDBE59EA8DCF} = {4EC92C22-8FD9-49F5-94B4-1AF62B05030E}
		{53EA2EBB-80EB-470E-ADB7-01C3F32F375B} = {4EC92C22-8FD9-49F5-94B4-1AF62B05030E}
		{C9582DF6-DC21-4BC3-BB44-5BCD17CD0FE0} = {ABC590C5-BC2A-4F41-B2E5-B0D14AED5DDC}
		{EE9F91C8-E779-425D-8D53-569C9F889A86} = {ABC590C5-BC2A-4F41-B2E5-B0D14AED5DDC}
		{7DDF81CD-18AB-4F2D-A927-69AD613DEC95} = {674E3D37-89C2-484D-BD20-69D92BDA3790}
		{309808CD-A47F-43FE-AB4C-3CC68C868A07} = {DB94E59A-6469-49BC-8629-6174990EE133}
		{D2A436E2-47EA-49BF-B713-4CAC90986755} = {FA5D6456-9263-4931-B9AA-F756E0939AC6}
		{0414AA63-E051-454B-96BB-9B6E26BAB85B} = {FA5D6456-9263-4931-B9AA-F756E0939AC6}
		{0D487C6E-7AD7-4F92-BDB7-AE6F1609628B} = {D9D2418A-31C2-4B00-A267-E3809E20B9A6}
		{7542D79D-CB1C-44D5-8065-B310DAF73B5F} = {D9D2418A-31C2-4B00-A267-E3809E20B9A6}
		{DB173474-84AB-496F-A062-7A00C6C6B3B6} = {EEDCA637-8CC5-4390-8C10-8BD09AB24947}
		{DB94E59A-6469-49BC-8629-6174990EE133} = {CA6612E6-1EBA-4A5F-83A3-DE18A030B03A}
		{674E3D37-89C2-484D-BD20-69D92BDA3790} = {CA6612E6-1EBA-4A5F-83A3-DE18A030B03A}
		{94A26589-358C-4D9E-AF7D-BCF4476A804E} = {CA6612E6-1EBA-4A5F-83A3-DE18A030B03A}
		{60286D0D-6F09-4FF0-B51D-C3822CA107A0} = {CA6612E6-1EBA-4A5F-83A3-DE18A030B03A}
		{128CD31E-0D08-401F-BEA0-11D48226D328} = {60286D0D-6F09-4FF0-B51D-C3822CA107A0}
		{8584ADF4-90D9-435B-AEDB-CE2B8DA1FFEB} = {60286D0D-6F09-4FF0-B51D-C3822CA107A0}
		{3600D4DF-41B5-47A5-AEB5-9F7F42E890CF} = {FA5D6456-9263-4931-B9AA-F756E0939AC6}
		{77117972-3913-4E17-B027-EF05EEDBCB8B} = {60286D0D-6F09-4FF0-B51D-C3822CA107A0}
		{84D7DE38-2D54-4E52-AD79-7101779E1995} = {94A26589-358C-4D9E-AF7D-BCF4476A804E}
		{8EEFD631-712C-4D4E-94A3-49CD2CA5541B} = {94A26589-358C-4D9E-AF7D-BCF4476A804E}
		{2C2CECA5-279F-43E2-8992-EFA805A0C879} = {CA6612E6-1EBA-4A5F-83A3-DE18A030B03A}
		{A4ED4886-27E7-41B7-A567-95F995035AEB} = {2C2CECA5-279F-43E2-8992-EFA805A0C879}
		{492A1A17-E628-4F4D-9EFA-73DF9825F714} = {2C2CECA5-279F-43E2-8992-EFA805A0C879}
		{5719837D-DEED-462E-B62A-D9DB88E639EE} = {2C2CECA5-279F-43E2-8992-EFA805A0C879}
		{963D66C5-D451-4537-A758-68CF1F3527F6} = {FA5D6456-9263-4931-B9AA-F756E0939AC6}
		{CA6612E6-1EBA-4A5F-83A3-DE18A030B03A} = {FA5D6456-9263-4931-B9AA-F756E0939AC6}
		{ABC590C5-BC2A-4F41-B2E5-B0D14AED5DDC} = {674E3D37-89C2-484D-BD20-69D92BDA3790}
		{4EC92C22-8FD9-49F5-94B4-1AF62B05030E} = {674E3D37-89C2-484D-BD20-69D92BDA3790}
		{10C5EEDD-B39A-4E63-BA2C-48C9E667AF28} = {ABC590C5-BC2A-4F41-B2E5-B0D14AED5DDC}
		{CD30A578-CAA3-4562-9C55-65510008A407} = {4EC92C22-8FD9-49F5-94B4-1AF62B05030E}
		{D9D2418A-31C2-4B00-A267-E3809E20B9A6} = {DB94E59A-6469-49BC-8629-6174990EE133}
		{EEDCA637-8CC5-4390-8C10-8BD09AB24947} = {DB94E59A-6469-49BC-8629-6174990EE133}
		{374D65D7-EF59-414D-9A9E-B743DD2683BD} = {D9D2418A-31C2-4B00-A267-E3809E20B9A6}
		{9CEBB355-7B4B-4CC0-A572-69B886D928CE} = {EEDCA637-8CC5-4390-8C10-8BD09AB24947}
		{30F1A98B-A6E0-4AAE-9102-662AC8353994} = {FB329F89-6656-49DA-8948-DBB1017C15B1}
		{656AF237-5BFA-40F1-9C2F-5FF3917A9EB4} = {FB329F89-6656-49DA-8948-DBB1017C15B1}
	EndGlobalSection
	GlobalSection(ExtensibilityGlobals) = postSolution
		SolutionGuid = {1B38D1C4-9FAE-4BA6-A315-8451597A4E9C}
	EndGlobalSection
EndGlobal
