
Microsoft Visual Studio Solution File, Format Version 12.00
# Visual Studio 15
VisualStudioVersion = 15.0.27703.2047
MinimumVisualStudioVersion = 10.0.40219.1
Project("{FAE04EC0-301F-11D3-BF4B-00C04F79EFBC}") = "Nethereum.BlockchainStore", "Nethereum.BlockchainStore\Nethereum.BlockchainStore.csproj", "{63EE26BD-D2AF-465D-A2C3-749B57C34493}"
EndProject
Project("{FAE04EC0-301F-11D3-BF4B-00C04F79EFBC}") = "Nethereum.BlockchainStore.AzureTables", "Nethereum.BlockchainStore.AzureTables\Nethereum.BlockchainStore.AzureTables.csproj", "{BC3A7125-EDC5-4F02-9F39-B01CC46930B8}"
EndProject
Project("{FAE04EC0-301F-11D3-BF4B-00C04F79EFBC}") = "Nethereum.BlockchainStore.Processing.Console", "Nethereum.BlockchainStore.Processing.Console\Nethereum.BlockchainStore.Processing.Console.csproj", "{2217951E-8662-4319-9298-F26EDD78A5C8}"
EndProject
Project("{2150E333-8FDC-42A3-9474-1A3956D46DE8}") = "Solution Items", "Solution Items", "{9CDE4559-4CD2-4495-A620-0A251AC3712D}"
	ProjectSection(SolutionItems) = preProject
		Entities.png = Entities.png
	EndProjectSection
EndProject
Project("{9A19103F-16F7-4668-BE54-9A1E7A4F7556}") = "Nethereum.BlockchainStore.SqlServer", "Nethereum.BlockchainStore.SqlServer\Nethereum.BlockchainStore.SqlServer.csproj", "{6884E220-6D42-452E-9410-FDBE59EA8DCF}"
EndProject
Project("{9A19103F-16F7-4668-BE54-9A1E7A4F7556}") = "Nethereum.BlockchainStore.SqlServer.Tests", "Nethereum.BlockchainStore.SqlServer.Tests\Nethereum.BlockchainStore.SqlServer.Tests.csproj", "{55B20979-C6B4-4786-B96C-EA3C4F86D766}"
EndProject
Project("{FAE04EC0-301F-11D3-BF4B-00C04F79EFBC}") = "Nethereum.BlockchainStore.SqlServer.Console", "Nethereum.BlockchainStore.SqlServer.Console\Nethereum.BlockchainStore.SqlServer.Console.csproj", "{53EA2EBB-80EB-470E-ADB7-01C3F32F375B}"
EndProject
Project("{FAE04EC0-301F-11D3-BF4B-00C04F79EFBC}") = "Nethereum.BlockchainStore.Entities", "Nethereum.BlockchainStore.Entities\Nethereum.BlockchainStore.Entities.csproj", "{E1F2FC53-43D5-4747-8697-20C8D2599875}"
EndProject
Global
	GlobalSection(SolutionConfigurationPlatforms) = preSolution
		Debug|Any CPU = Debug|Any CPU
		Release|Any CPU = Release|Any CPU
	EndGlobalSection
	GlobalSection(ProjectConfigurationPlatforms) = postSolution
		{63EE26BD-D2AF-465D-A2C3-749B57C34493}.Debug|Any CPU.ActiveCfg = Debug|Any CPU
		{63EE26BD-D2AF-465D-A2C3-749B57C34493}.Debug|Any CPU.Build.0 = Debug|Any CPU
		{63EE26BD-D2AF-465D-A2C3-749B57C34493}.Release|Any CPU.ActiveCfg = Release|Any CPU
		{63EE26BD-D2AF-465D-A2C3-749B57C34493}.Release|Any CPU.Build.0 = Release|Any CPU
		{BC3A7125-EDC5-4F02-9F39-B01CC46930B8}.Debug|Any CPU.ActiveCfg = Debug|Any CPU
		{BC3A7125-EDC5-4F02-9F39-B01CC46930B8}.Debug|Any CPU.Build.0 = Debug|Any CPU
		{BC3A7125-EDC5-4F02-9F39-B01CC46930B8}.Release|Any CPU.ActiveCfg = Release|Any CPU
		{BC3A7125-EDC5-4F02-9F39-B01CC46930B8}.Release|Any CPU.Build.0 = Release|Any CPU
		{2217951E-8662-4319-9298-F26EDD78A5C8}.Debug|Any CPU.ActiveCfg = Debug|Any CPU
		{2217951E-8662-4319-9298-F26EDD78A5C8}.Debug|Any CPU.Build.0 = Debug|Any CPU
		{2217951E-8662-4319-9298-F26EDD78A5C8}.Release|Any CPU.ActiveCfg = Release|Any CPU
		{2217951E-8662-4319-9298-F26EDD78A5C8}.Release|Any CPU.Build.0 = Release|Any CPU
		{6884E220-6D42-452E-9410-FDBE59EA8DCF}.Debug|Any CPU.ActiveCfg = Debug|Any CPU
		{6884E220-6D42-452E-9410-FDBE59EA8DCF}.Debug|Any CPU.Build.0 = Debug|Any CPU
		{6884E220-6D42-452E-9410-FDBE59EA8DCF}.Release|Any CPU.ActiveCfg = Release|Any CPU
		{6884E220-6D42-452E-9410-FDBE59EA8DCF}.Release|Any CPU.Build.0 = Release|Any CPU
		{55B20979-C6B4-4786-B96C-EA3C4F86D766}.Debug|Any CPU.ActiveCfg = Debug|Any CPU
		{55B20979-C6B4-4786-B96C-EA3C4F86D766}.Debug|Any CPU.Build.0 = Debug|Any CPU
		{55B20979-C6B4-4786-B96C-EA3C4F86D766}.Release|Any CPU.ActiveCfg = Release|Any CPU
		{55B20979-C6B4-4786-B96C-EA3C4F86D766}.Release|Any CPU.Build.0 = Release|Any CPU
		{53EA2EBB-80EB-470E-ADB7-01C3F32F375B}.Debug|Any CPU.ActiveCfg = Debug|Any CPU
		{53EA2EBB-80EB-470E-ADB7-01C3F32F375B}.Debug|Any CPU.Build.0 = Debug|Any CPU
		{53EA2EBB-80EB-470E-ADB7-01C3F32F375B}.Release|Any CPU.ActiveCfg = Release|Any CPU
		{53EA2EBB-80EB-470E-ADB7-01C3F32F375B}.Release|Any CPU.Build.0 = Release|Any CPU
		{E1F2FC53-43D5-4747-8697-20C8D2599875}.Debug|Any CPU.ActiveCfg = Debug|Any CPU
		{E1F2FC53-43D5-4747-8697-20C8D2599875}.Debug|Any CPU.Build.0 = Debug|Any CPU
		{E1F2FC53-43D5-4747-8697-20C8D2599875}.Release|Any CPU.ActiveCfg = Release|Any CPU
		{E1F2FC53-43D5-4747-8697-20C8D2599875}.Release|Any CPU.Build.0 = Release|Any CPU
	EndGlobalSection
	GlobalSection(SolutionProperties) = preSolution
		HideSolutionNode = FALSE
	EndGlobalSection
	GlobalSection(ExtensibilityGlobals) = postSolution
		SolutionGuid = {1B38D1C4-9FAE-4BA6-A315-8451597A4E9C}
	EndGlobalSection
EndGlobal
