
Microsoft Visual Studio Solution File, Format Version 12.00
# Visual Studio Version 16
VisualStudioVersion = 16.0.28721.148
MinimumVisualStudioVersion = 10.0.40219.1
Project("{9A19103F-16F7-4668-BE54-9A1E7A4F7556}") = "Nethereum.BlockchainProcessing", "Nethereum.BlockchainProcessing\Nethereum.BlockchainProcessing.csproj", "{3D6FBCF1-6B29-4184-B47A-8F99A4AD1FDD}"
EndProject
Project("{9A19103F-16F7-4668-BE54-9A1E7A4F7556}") = "Nethereum.BlockchainProcessing.Tests", "Nethereum.BlockchainProcessing.Tests\Nethereum.BlockchainProcessing.Tests.csproj", "{2053B5F4-AED1-497C-B057-E4C19DE5A44B}"
EndProject
Project("{9A19103F-16F7-4668-BE54-9A1E7A4F7556}") = "Nethereum.BlockchainProcessing.InMemory.Console", "Nethereum.BlockchainProcessing.InMemory.Console\Nethereum.BlockchainProcessing.InMemory.Console.csproj", "{ECC56AED-BA01-4403-80C8-20164CB3779D}"
EndProject
Project("{2150E333-8FDC-42A3-9474-1A3956D46DE8}") = "Solution Items", "Solution Items", "{A7C2B9B7-E71D-45D7-B9D9-3852BD66DF52}"
	ProjectSection(SolutionItems) = preProject
		README.md = README.md
	EndProjectSection
EndProject
Project("{9A19103F-16F7-4668-BE54-9A1E7A4F7556}") = "Nethereum.BlockchainProcessing.Samples", "Nethereum.BlockchainProcessing.Samples\Nethereum.BlockchainProcessing.Samples.csproj", "{F1A48AE3-DF66-4E26-BC31-07F8D00B0CA8}"
EndProject
Project("{FAE04EC0-301F-11D3-BF4B-00C04F79EFBC}") = "Nethereum.BlockchainProcessing.Queue.Azure", "Nethereum.BlockchainProcessing.Queue.Azure\Nethereum.BlockchainProcessing.Queue.Azure.csproj", "{51308750-B91F-4AF7-934D-1B7DF809A0C8}"
EndProject
Global
	GlobalSection(SolutionConfigurationPlatforms) = preSolution
		Debug|Any CPU = Debug|Any CPU
		Release|Any CPU = Release|Any CPU
	EndGlobalSection
	GlobalSection(ProjectConfigurationPlatforms) = postSolution
		{3D6FBCF1-6B29-4184-B47A-8F99A4AD1FDD}.Debug|Any CPU.ActiveCfg = Debug|Any CPU
		{3D6FBCF1-6B29-4184-B47A-8F99A4AD1FDD}.Debug|Any CPU.Build.0 = Debug|Any CPU
		{3D6FBCF1-6B29-4184-B47A-8F99A4AD1FDD}.Release|Any CPU.ActiveCfg = Release|Any CPU
		{3D6FBCF1-6B29-4184-B47A-8F99A4AD1FDD}.Release|Any CPU.Build.0 = Release|Any CPU
		{2053B5F4-AED1-497C-B057-E4C19DE5A44B}.Debug|Any CPU.ActiveCfg = Debug|Any CPU
		{2053B5F4-AED1-497C-B057-E4C19DE5A44B}.Debug|Any CPU.Build.0 = Debug|Any CPU
		{2053B5F4-AED1-497C-B057-E4C19DE5A44B}.Release|Any CPU.ActiveCfg = Release|Any CPU
		{2053B5F4-AED1-497C-B057-E4C19DE5A44B}.Release|Any CPU.Build.0 = Release|Any CPU
		{ECC56AED-BA01-4403-80C8-20164CB3779D}.Debug|Any CPU.ActiveCfg = Debug|Any CPU
		{ECC56AED-BA01-4403-80C8-20164CB3779D}.Debug|Any CPU.Build.0 = Debug|Any CPU
		{ECC56AED-BA01-4403-80C8-20164CB3779D}.Release|Any CPU.ActiveCfg = Release|Any CPU
		{ECC56AED-BA01-4403-80C8-20164CB3779D}.Release|Any CPU.Build.0 = Release|Any CPU
		{F1A48AE3-DF66-4E26-BC31-07F8D00B0CA8}.Debug|Any CPU.ActiveCfg = Debug|Any CPU
		{F1A48AE3-DF66-4E26-BC31-07F8D00B0CA8}.Debug|Any CPU.Build.0 = Debug|Any CPU
		{F1A48AE3-DF66-4E26-BC31-07F8D00B0CA8}.Release|Any CPU.ActiveCfg = Release|Any CPU
		{F1A48AE3-DF66-4E26-BC31-07F8D00B0CA8}.Release|Any CPU.Build.0 = Release|Any CPU
		{51308750-B91F-4AF7-934D-1B7DF809A0C8}.Debug|Any CPU.ActiveCfg = Debug|Any CPU
		{51308750-B91F-4AF7-934D-1B7DF809A0C8}.Debug|Any CPU.Build.0 = Debug|Any CPU
		{51308750-B91F-4AF7-934D-1B7DF809A0C8}.Release|Any CPU.ActiveCfg = Release|Any CPU
		{51308750-B91F-4AF7-934D-1B7DF809A0C8}.Release|Any CPU.Build.0 = Release|Any CPU
	EndGlobalSection
	GlobalSection(SolutionProperties) = preSolution
		HideSolutionNode = FALSE
	EndGlobalSection
	GlobalSection(ExtensibilityGlobals) = postSolution
		SolutionGuid = {E8BDA708-C821-4538-93BC-8FC3DCC98B7B}
	EndGlobalSection
EndGlobal
