
Microsoft Visual Studio Solution File, Format Version 12.00
# Visual Studio Version 16
VisualStudioVersion = 16.0.29021.104
MinimumVisualStudioVersion = 15.0.26124.0
Project("{9A19103F-16F7-4668-BE54-9A1E7A4F7556}") = "Nethereum.BlockchainStore.Azure.LogProcessor.Db", "Nethereum.BlockchainStore.Azure.LogProcessor.Db\Nethereum.BlockchainStore.Azure.LogProcessor.Db.csproj", "{B4063D96-347C-476D-AC81-5E6020F5DBC4}"
EndProject
Project("{9A19103F-16F7-4668-BE54-9A1E7A4F7556}") = "Nethereum.BlockchainStore.AzureTables", "Nethereum.BlockchainStore.AzureTables\Nethereum.BlockchainStore.AzureTables.csproj", "{AA92FA69-37D8-4014-B9A0-FA4C5371D363}"
EndProject
Project("{9A19103F-16F7-4668-BE54-9A1E7A4F7556}") = "Nethereum.BlockchainStore.CosmosCore", "Nethereum.BlockchainStore.CosmosCore\Nethereum.BlockchainStore.CosmosCore.csproj", "{0C4E2BCD-62BE-454E-AD58-067D04F85016}"
EndProject
Project("{9A19103F-16F7-4668-BE54-9A1E7A4F7556}") = "Nethereum.BlockchainStore.CosmosCore.Console", "Nethereum.BlockchainStore.CosmosCore.Console\Nethereum.BlockchainStore.CosmosCore.Console.csproj", "{846C1948-EBED-4005-B281-AF6A055FB8EF}"
EndProject
Project("{2150E333-8FDC-42A3-9474-1A3956D46DE8}") = "Solution Items", "Solution Items", "{5551D3F6-DE86-4AAA-9820-92D996BCB800}"
EndProject
Project("{9A19103F-16F7-4668-BE54-9A1E7A4F7556}") = "Nethereum.BlockchainStore.Csv", "Nethereum.BlockchainStore.Csv\Nethereum.BlockchainStore.Csv.csproj", "{8D63D180-DEBD-4378-B377-3D0F142035F9}"
EndProject
Project("{9A19103F-16F7-4668-BE54-9A1E7A4F7556}") = "Nethereum.BlockchainStore.Csv.Console", "Nethereum.BlockchainStore.Csv.Console\Nethereum.BlockchainStore.Csv.Console.csproj", "{A609BF84-5995-456C-B848-854B3C4488FC}"
EndProject
Project("{9A19103F-16F7-4668-BE54-9A1E7A4F7556}") = "Nethereum.BlockchainStore.Csv.Tests", "Nethereum.BlockchainStore.Csv.Tests\Nethereum.BlockchainStore.Csv.Tests.csproj", "{760E1F0C-9CA2-4989-A08D-5FB82DB1BB63}"
EndProject
Project("{9A19103F-16F7-4668-BE54-9A1E7A4F7556}") = "Nethereum.BlockchainStore.EF", "Nethereum.BlockchainStore.EF\Nethereum.BlockchainStore.EF.csproj", "{C51A15B8-A8D1-421E-8C24-1205E3DC351F}"
EndProject
Project("{9A19103F-16F7-4668-BE54-9A1E7A4F7556}") = "Nethereum.BlockchainStore.EF.Hana", "Nethereum.BlockchainStore.EF.Hana\Nethereum.BlockchainStore.EF.Hana.csproj", "{C43A5539-E295-4D73-B77A-438ED3844A52}"
EndProject
Project("{9A19103F-16F7-4668-BE54-9A1E7A4F7556}") = "Nethereum.BlockchainStore.EF.Hana.Tests", "Nethereum.BlockchainStore.EF.Hana.Tests\Nethereum.BlockchainStore.EF.Hana.Tests.csproj", "{16BC25C5-E213-4B0E-AB94-89C00B9FCC45}"
EndProject
Project("{9A19103F-16F7-4668-BE54-9A1E7A4F7556}") = "Nethereum.BlockchainStore.EF.Sqlite", "Nethereum.BlockchainStore.EF.Sqlite\Nethereum.BlockchainStore.EF.Sqlite.csproj", "{979880D3-E9FA-4680-A98B-7D47143BE326}"
EndProject
Project("{9A19103F-16F7-4668-BE54-9A1E7A4F7556}") = "Nethereum.BlockchainStore.EF.Sqlite.Tests", "Nethereum.BlockchainStore.EF.Sqlite.Tests\Nethereum.BlockchainStore.EF.Sqlite.Tests.csproj", "{CF598232-E85A-4E22-90B0-624BBC8E858E}"
EndProject
Project("{9A19103F-16F7-4668-BE54-9A1E7A4F7556}") = "Nethereum.BlockchainStore.EF.SqlServer", "Nethereum.BlockchainStore.EF.SqlServer\Nethereum.BlockchainStore.EF.SqlServer.csproj", "{C5614989-00BA-4099-A330-3E83FEEDF456}"
EndProject
Project("{9A19103F-16F7-4668-BE54-9A1E7A4F7556}") = "Nethereum.BlockchainStore.EF.SqlServer.Tests", "Nethereum.BlockchainStore.EF.SqlServer.Tests\Nethereum.BlockchainStore.EF.SqlServer.Tests.csproj", "{62682394-27B3-4033-859B-4A4CDADCA9BE}"
EndProject
Project("{9A19103F-16F7-4668-BE54-9A1E7A4F7556}") = "Nethereum.BlockchainStore.EFCore", "Nethereum.BlockchainStore.EFCore\Nethereum.BlockchainStore.EFCore.csproj", "{E4CBC5C4-EBEC-4809-B0FA-682B30245EFD}"
EndProject
Project("{9A19103F-16F7-4668-BE54-9A1E7A4F7556}") = "Nethereum.BlockchainStore.CosmosCore.Tests", "Nethereum.BlockchainStore.CosmosCore.Tests\Nethereum.BlockchainStore.CosmosCore.Tests.csproj", "{A343241F-A37F-4952-B04A-1B24DC158F82}"
EndProject
Project("{9A19103F-16F7-4668-BE54-9A1E7A4F7556}") = "Nethereum.BlockchainStore.EFCore.Sqlite", "Nethereum.BlockchainStore.EFCore.Sqlite\Nethereum.BlockchainStore.EFCore.Sqlite.csproj", "{86746CDA-2A29-4D30-92F2-08C81523DF4C}"
EndProject
Project("{9A19103F-16F7-4668-BE54-9A1E7A4F7556}") = "Nethereum.BlockchainStore.EFCore.Sqlite.Console", "Nethereum.BlockchainStore.EFCore.Sqlite.Console\Nethereum.BlockchainStore.EFCore.Sqlite.Console.csproj", "{19E9D41A-35E0-4617-96B5-5D8E5A950ECF}"
EndProject
Project("{9A19103F-16F7-4668-BE54-9A1E7A4F7556}") = "Nethereum.BlockchainStore.EFCore.Sqlite.Tests", "Nethereum.BlockchainStore.EFCore.Sqlite.Tests\Nethereum.BlockchainStore.EFCore.Sqlite.Tests.csproj", "{A370C237-6127-4FDB-AA2B-DC2E5694BF7A}"
EndProject
Project("{9A19103F-16F7-4668-BE54-9A1E7A4F7556}") = "Nethereum.BlockchainStore.EFCore.SqlServer", "Nethereum.BlockchainStore.EFCore.SqlServer\Nethereum.BlockchainStore.EFCore.SqlServer.csproj", "{65CD7EDD-9F19-46E5-89C3-19B2240E7AB8}"
EndProject
Project("{9A19103F-16F7-4668-BE54-9A1E7A4F7556}") = "Nethereum.BlockchainStore.EFCore.SqlServer.Console", "Nethereum.BlockchainStore.EFCore.SqlServer.Console\Nethereum.BlockchainStore.EFCore.SqlServer.Console.csproj", "{BACFD969-62D6-41CB-93CE-95E13DD9A402}"
EndProject
Project("{9A19103F-16F7-4668-BE54-9A1E7A4F7556}") = "Nethereum.BlockchainStore.EFCore.SqlServer.Tests", "Nethereum.BlockchainStore.EFCore.SqlServer.Tests\Nethereum.BlockchainStore.EFCore.SqlServer.Tests.csproj", "{E91CE4E0-39EF-4060-9F13-82C440EFC035}"
EndProject
Project("{9A19103F-16F7-4668-BE54-9A1E7A4F7556}") = "Nethereum.BlockchainStore.MongoDb", "Nethereum.BlockchainStore.MongoDb\Nethereum.BlockchainStore.MongoDb.csproj", "{6239DCCD-9FD7-45D0-9238-2210EBED829F}"
EndProject
Project("{9A19103F-16F7-4668-BE54-9A1E7A4F7556}") = "Nethereum.BlockchainStore.MongoDb.Console", "Nethereum.BlockchainStore.MongoDb.Console\Nethereum.BlockchainStore.MongoDb.Console.csproj", "{C2E53574-56AD-466D-BD7E-5D17BF72EC30}"
EndProject
Project("{9A19103F-16F7-4668-BE54-9A1E7A4F7556}") = "Nethereum.BlockchainStore.MongoDb.Tests", "Nethereum.BlockchainStore.MongoDb.Tests\Nethereum.BlockchainStore.MongoDb.Tests.csproj", "{A6545AA1-7524-4FD0-A39A-0C5F3FD4E0F1}"
EndProject
Project("{9A19103F-16F7-4668-BE54-9A1E7A4F7556}") = "Nethereum.BlockchainStore.Search", "Nethereum.BlockchainStore.Search\Nethereum.BlockchainStore.Search.csproj", "{23D99FCA-3225-4EE8-B41F-10B190BDC577}"
EndProject
Project("{9A19103F-16F7-4668-BE54-9A1E7A4F7556}") = "Nethereum.BlockchainStore.Search.Samples", "Nethereum.BlockchainStore.Search.Samples\Nethereum.BlockchainStore.Search.Samples.csproj", "{FE48ECEA-043F-425F-9362-ABBAD98E08FD}"
EndProject
Project("{9A19103F-16F7-4668-BE54-9A1E7A4F7556}") = "Nethereum.BlockchainStore.Search.Tests", "Nethereum.BlockchainStore.Search.Tests\Nethereum.BlockchainStore.Search.Tests.csproj", "{33FACD84-D0B4-440D-8B2A-EBC3D76BA03D}"
EndProject
Project("{9A19103F-16F7-4668-BE54-9A1E7A4F7556}") = "Nethereum.BlockchainStore.Test.Base", "Nethereum.BlockchainStore.Test.Base\Nethereum.BlockchainStore.Test.Base.csproj", "{274DAC05-402F-4970-BCD7-AE0CE4582E2F}"
EndProject
Project("{2150E333-8FDC-42A3-9474-1A3956D46DE8}") = "Storage", "Storage", "{088BF2F5-9C21-4590-8E3B-4B14315C7ACA}"
EndProject
Project("{9A19103F-16F7-4668-BE54-9A1E7A4F7556}") = "Nethereum.BlockchainProcessing.Queue.Azure", "Nethereum.BlockchainProcessing.Queue.Azure\Nethereum.BlockchainProcessing.Queue.Azure.csproj", "{66C77F22-909F-4054-8A66-3F4A808C62AE}"
EndProject
Project("{2150E333-8FDC-42A3-9474-1A3956D46DE8}") = "Queuing", "Queuing", "{410FB815-D45A-4FC1-B0B1-513567711B3A}"
EndProject
Project("{2150E333-8FDC-42A3-9474-1A3956D46DE8}") = "Search", "Search", "{0ABA3B0B-00FC-438A-90BD-4C5B02350ED9}"
EndProject
Project("{2150E333-8FDC-42A3-9474-1A3956D46DE8}") = "EF", "EF", "{BB677D41-C1DB-4306-846B-5281BF1DE0EF}"
EndProject
Project("{2150E333-8FDC-42A3-9474-1A3956D46DE8}") = "EFCore", "EFCore", "{7B429DD0-0225-4424-BAFC-D1BB18006653}"
EndProject
Project("{2150E333-8FDC-42A3-9474-1A3956D46DE8}") = "Cosmos", "Cosmos", "{08ACA4E6-FB37-4E74-A3A6-6E2A31890968}"
EndProject
Project("{2150E333-8FDC-42A3-9474-1A3956D46DE8}") = "Mongo", "Mongo", "{5D9CD6BD-676A-4AAD-BACD-7579AD805249}"
EndProject
Project("{2150E333-8FDC-42A3-9474-1A3956D46DE8}") = "AzureTableStorage", "AzureTableStorage", "{142A5A1A-5B50-46B2-B208-C73DA33DA14F}"
EndProject
Project("{2150E333-8FDC-42A3-9474-1A3956D46DE8}") = "CSV", "CSV", "{B8E28B37-0C9C-431E-93A2-1BA1B3719E40}"
EndProject
Project("{2150E333-8FDC-42A3-9474-1A3956D46DE8}") = "Hana", "Hana", "{B3069FEC-BE65-42CC-9234-A7B02B7F7231}"
EndProject
Project("{2150E333-8FDC-42A3-9474-1A3956D46DE8}") = "Sqlite", "Sqlite", "{42E9EB5E-644A-4B3C-8A5D-41FCC4045B8F}"
EndProject
Project("{2150E333-8FDC-42A3-9474-1A3956D46DE8}") = "SqlServer", "SqlServer", "{116C2D29-5E92-454A-8482-08EDB2BF9FA9}"
EndProject
Project("{2150E333-8FDC-42A3-9474-1A3956D46DE8}") = "Sqlite", "Sqlite", "{BF864D99-3081-4786-9C74-40C865E8AB1A}"
EndProject
Project("{2150E333-8FDC-42A3-9474-1A3956D46DE8}") = "SqlServer", "SqlServer", "{F88D85DF-D7BF-4A0E-A242-1111CF836A63}"
EndProject
Project("{2150E333-8FDC-42A3-9474-1A3956D46DE8}") = "Utils", "Utils", "{F8B2FF2F-D5A6-4D6A-B6F7-9EBC51FF302E}"
EndProject
Project("{9A19103F-16F7-4668-BE54-9A1E7A4F7556}") = "Nethereum.Microsoft.Configuration.Utils", "Nethereum.Configuration.Utils\Nethereum.Microsoft.Configuration.Utils.csproj", "{870CCEA7-CFAE-42EB-8129-68E3234F51ED}"
EndProject
Project("{9A19103F-16F7-4668-BE54-9A1E7A4F7556}") = "Nethereum.Microsoft.Logging.Utils", "Nethereum.Logging.Utils\Nethereum.Microsoft.Logging.Utils.csproj", "{3A13C4D3-865A-4D9E-9325-045410FCF3CD}"
EndProject
Project("{9A19103F-16F7-4668-BE54-9A1E7A4F7556}") = "Nethereum.BlockchainStore.Console", "Nethereum.BlockchainStore.Console\Nethereum.BlockchainStore.Console.csproj", "{8C20B3E6-27CD-4D9E-AD67-E784C9378630}"
EndProject
Project("{9A19103F-16F7-4668-BE54-9A1E7A4F7556}") = "Nethereum.BlockchainStore.AzureTables.Core.Console", "Nethereum.BlockchainStore.AzureTables.Core.Console\Nethereum.BlockchainStore.AzureTables.Core.Console.csproj", "{6076D02C-C634-424D-9AD1-EA57C948D12B}"
EndProject
Project("{9A19103F-16F7-4668-BE54-9A1E7A4F7556}") = "Nethereum.BlockchainStore.AzureTables.Base", "Nethereum.BlockchainStore.AzureTables.Base\Nethereum.BlockchainStore.AzureTables.Base.csproj", "{2559EC8F-E654-474D-B6A9-F4969753A70A}"
EndProject
Project("{9A19103F-16F7-4668-BE54-9A1E7A4F7556}") = "Nethereum.BlockchainStore.AzureTables.Tests", "Nethereum.BlockchainStore.AzureTables.Tests\Nethereum.BlockchainStore.AzureTables.Tests.csproj", "{1354326E-2D6C-427A-BB34-3F5AB420959A}"
EndProject
Project("{2150E333-8FDC-42A3-9474-1A3956D46DE8}") = "Common", "Common", "{35865406-3C34-46A4-B68A-1DF29447798E}"
EndProject
Project("{9A19103F-16F7-4668-BE54-9A1E7A4F7556}") = "Nethereum.BlockchainProcessing.Queue", "Nethereum.BlockchainProcessing.Queue\Nethereum.BlockchainProcessing.Queue.csproj", "{31DEE973-EC01-43C2-B65B-6357D783EE1F}"
EndProject
Project("{2150E333-8FDC-42A3-9474-1A3956D46DE8}") = "Samples", "Samples", "{A150E121-5770-4C83-82B0-309DAAFAC490}"
EndProject
Project("{9A19103F-16F7-4668-BE54-9A1E7A4F7556}") = "Nethereum.BlockchainStorage.Samples", "Nethereum.BlockchainStorage.Samples\Nethereum.BlockchainStorage.Samples.csproj", "{59F572BE-463B-495B-98A8-59B3B526E860}"
EndProject
Project("{9A19103F-16F7-4668-BE54-9A1E7A4F7556}") = "Nethereum.BlockchainStore.Search.Azure", "Nethereum.BlockchainStore.Search.Azure\Nethereum.BlockchainStore.Search.Azure.csproj", "{E76EE0FE-3206-4960-9749-5D83BDFCD4AE}"
EndProject
Project("{9A19103F-16F7-4668-BE54-9A1E7A4F7556}") = "Nethereum.BlockchainStore.Search.Elastic", "Nethereum.BlockchainStore.Search.Elastic\Nethereum.BlockchainStore.Search.Elastic.csproj", "{2868D116-DD31-4332-B1DF-C9CCC3583DFA}"
EndProject
Global
	GlobalSection(SolutionConfigurationPlatforms) = preSolution
		Debug|Any CPU = Debug|Any CPU
		Debug|x64 = Debug|x64
		Debug|x86 = Debug|x86
		Release|Any CPU = Release|Any CPU
		Release|x64 = Release|x64
		Release|x86 = Release|x86
	EndGlobalSection
	GlobalSection(ProjectConfigurationPlatforms) = postSolution
		{B4063D96-347C-476D-AC81-5E6020F5DBC4}.Debug|Any CPU.ActiveCfg = Debug|Any CPU
		{B4063D96-347C-476D-AC81-5E6020F5DBC4}.Debug|Any CPU.Build.0 = Debug|Any CPU
		{B4063D96-347C-476D-AC81-5E6020F5DBC4}.Debug|x64.ActiveCfg = Debug|Any CPU
		{B4063D96-347C-476D-AC81-5E6020F5DBC4}.Debug|x64.Build.0 = Debug|Any CPU
		{B4063D96-347C-476D-AC81-5E6020F5DBC4}.Debug|x86.ActiveCfg = Debug|Any CPU
		{B4063D96-347C-476D-AC81-5E6020F5DBC4}.Debug|x86.Build.0 = Debug|Any CPU
		{B4063D96-347C-476D-AC81-5E6020F5DBC4}.Release|Any CPU.ActiveCfg = Release|Any CPU
		{B4063D96-347C-476D-AC81-5E6020F5DBC4}.Release|Any CPU.Build.0 = Release|Any CPU
		{B4063D96-347C-476D-AC81-5E6020F5DBC4}.Release|x64.ActiveCfg = Release|Any CPU
		{B4063D96-347C-476D-AC81-5E6020F5DBC4}.Release|x64.Build.0 = Release|Any CPU
		{B4063D96-347C-476D-AC81-5E6020F5DBC4}.Release|x86.ActiveCfg = Release|Any CPU
		{B4063D96-347C-476D-AC81-5E6020F5DBC4}.Release|x86.Build.0 = Release|Any CPU
		{AA92FA69-37D8-4014-B9A0-FA4C5371D363}.Debug|Any CPU.ActiveCfg = Debug|Any CPU
		{AA92FA69-37D8-4014-B9A0-FA4C5371D363}.Debug|Any CPU.Build.0 = Debug|Any CPU
		{AA92FA69-37D8-4014-B9A0-FA4C5371D363}.Debug|x64.ActiveCfg = Debug|Any CPU
		{AA92FA69-37D8-4014-B9A0-FA4C5371D363}.Debug|x64.Build.0 = Debug|Any CPU
		{AA92FA69-37D8-4014-B9A0-FA4C5371D363}.Debug|x86.ActiveCfg = Debug|Any CPU
		{AA92FA69-37D8-4014-B9A0-FA4C5371D363}.Debug|x86.Build.0 = Debug|Any CPU
		{AA92FA69-37D8-4014-B9A0-FA4C5371D363}.Release|Any CPU.ActiveCfg = Release|Any CPU
		{AA92FA69-37D8-4014-B9A0-FA4C5371D363}.Release|Any CPU.Build.0 = Release|Any CPU
		{AA92FA69-37D8-4014-B9A0-FA4C5371D363}.Release|x64.ActiveCfg = Release|Any CPU
		{AA92FA69-37D8-4014-B9A0-FA4C5371D363}.Release|x64.Build.0 = Release|Any CPU
		{AA92FA69-37D8-4014-B9A0-FA4C5371D363}.Release|x86.ActiveCfg = Release|Any CPU
		{AA92FA69-37D8-4014-B9A0-FA4C5371D363}.Release|x86.Build.0 = Release|Any CPU
		{0C4E2BCD-62BE-454E-AD58-067D04F85016}.Debug|Any CPU.ActiveCfg = Debug|Any CPU
		{0C4E2BCD-62BE-454E-AD58-067D04F85016}.Debug|Any CPU.Build.0 = Debug|Any CPU
		{0C4E2BCD-62BE-454E-AD58-067D04F85016}.Debug|x64.ActiveCfg = Debug|Any CPU
		{0C4E2BCD-62BE-454E-AD58-067D04F85016}.Debug|x64.Build.0 = Debug|Any CPU
		{0C4E2BCD-62BE-454E-AD58-067D04F85016}.Debug|x86.ActiveCfg = Debug|Any CPU
		{0C4E2BCD-62BE-454E-AD58-067D04F85016}.Debug|x86.Build.0 = Debug|Any CPU
		{0C4E2BCD-62BE-454E-AD58-067D04F85016}.Release|Any CPU.ActiveCfg = Release|Any CPU
		{0C4E2BCD-62BE-454E-AD58-067D04F85016}.Release|Any CPU.Build.0 = Release|Any CPU
		{0C4E2BCD-62BE-454E-AD58-067D04F85016}.Release|x64.ActiveCfg = Release|Any CPU
		{0C4E2BCD-62BE-454E-AD58-067D04F85016}.Release|x64.Build.0 = Release|Any CPU
		{0C4E2BCD-62BE-454E-AD58-067D04F85016}.Release|x86.ActiveCfg = Release|Any CPU
		{0C4E2BCD-62BE-454E-AD58-067D04F85016}.Release|x86.Build.0 = Release|Any CPU
		{846C1948-EBED-4005-B281-AF6A055FB8EF}.Debug|Any CPU.ActiveCfg = Debug|Any CPU
		{846C1948-EBED-4005-B281-AF6A055FB8EF}.Debug|Any CPU.Build.0 = Debug|Any CPU
		{846C1948-EBED-4005-B281-AF6A055FB8EF}.Debug|x64.ActiveCfg = Debug|Any CPU
		{846C1948-EBED-4005-B281-AF6A055FB8EF}.Debug|x64.Build.0 = Debug|Any CPU
		{846C1948-EBED-4005-B281-AF6A055FB8EF}.Debug|x86.ActiveCfg = Debug|Any CPU
		{846C1948-EBED-4005-B281-AF6A055FB8EF}.Debug|x86.Build.0 = Debug|Any CPU
		{846C1948-EBED-4005-B281-AF6A055FB8EF}.Release|Any CPU.ActiveCfg = Release|Any CPU
		{846C1948-EBED-4005-B281-AF6A055FB8EF}.Release|Any CPU.Build.0 = Release|Any CPU
		{846C1948-EBED-4005-B281-AF6A055FB8EF}.Release|x64.ActiveCfg = Release|Any CPU
		{846C1948-EBED-4005-B281-AF6A055FB8EF}.Release|x64.Build.0 = Release|Any CPU
		{846C1948-EBED-4005-B281-AF6A055FB8EF}.Release|x86.ActiveCfg = Release|Any CPU
		{846C1948-EBED-4005-B281-AF6A055FB8EF}.Release|x86.Build.0 = Release|Any CPU
		{8D63D180-DEBD-4378-B377-3D0F142035F9}.Debug|Any CPU.ActiveCfg = Debug|Any CPU
		{8D63D180-DEBD-4378-B377-3D0F142035F9}.Debug|Any CPU.Build.0 = Debug|Any CPU
		{8D63D180-DEBD-4378-B377-3D0F142035F9}.Debug|x64.ActiveCfg = Debug|Any CPU
		{8D63D180-DEBD-4378-B377-3D0F142035F9}.Debug|x64.Build.0 = Debug|Any CPU
		{8D63D180-DEBD-4378-B377-3D0F142035F9}.Debug|x86.ActiveCfg = Debug|Any CPU
		{8D63D180-DEBD-4378-B377-3D0F142035F9}.Debug|x86.Build.0 = Debug|Any CPU
		{8D63D180-DEBD-4378-B377-3D0F142035F9}.Release|Any CPU.ActiveCfg = Release|Any CPU
		{8D63D180-DEBD-4378-B377-3D0F142035F9}.Release|Any CPU.Build.0 = Release|Any CPU
		{8D63D180-DEBD-4378-B377-3D0F142035F9}.Release|x64.ActiveCfg = Release|Any CPU
		{8D63D180-DEBD-4378-B377-3D0F142035F9}.Release|x64.Build.0 = Release|Any CPU
		{8D63D180-DEBD-4378-B377-3D0F142035F9}.Release|x86.ActiveCfg = Release|Any CPU
		{8D63D180-DEBD-4378-B377-3D0F142035F9}.Release|x86.Build.0 = Release|Any CPU
		{A609BF84-5995-456C-B848-854B3C4488FC}.Debug|Any CPU.ActiveCfg = Debug|Any CPU
		{A609BF84-5995-456C-B848-854B3C4488FC}.Debug|Any CPU.Build.0 = Debug|Any CPU
		{A609BF84-5995-456C-B848-854B3C4488FC}.Debug|x64.ActiveCfg = Debug|Any CPU
		{A609BF84-5995-456C-B848-854B3C4488FC}.Debug|x64.Build.0 = Debug|Any CPU
		{A609BF84-5995-456C-B848-854B3C4488FC}.Debug|x86.ActiveCfg = Debug|Any CPU
		{A609BF84-5995-456C-B848-854B3C4488FC}.Debug|x86.Build.0 = Debug|Any CPU
		{A609BF84-5995-456C-B848-854B3C4488FC}.Release|Any CPU.ActiveCfg = Release|Any CPU
		{A609BF84-5995-456C-B848-854B3C4488FC}.Release|Any CPU.Build.0 = Release|Any CPU
		{A609BF84-5995-456C-B848-854B3C4488FC}.Release|x64.ActiveCfg = Release|Any CPU
		{A609BF84-5995-456C-B848-854B3C4488FC}.Release|x64.Build.0 = Release|Any CPU
		{A609BF84-5995-456C-B848-854B3C4488FC}.Release|x86.ActiveCfg = Release|Any CPU
		{A609BF84-5995-456C-B848-854B3C4488FC}.Release|x86.Build.0 = Release|Any CPU
		{760E1F0C-9CA2-4989-A08D-5FB82DB1BB63}.Debug|Any CPU.ActiveCfg = Debug|Any CPU
		{760E1F0C-9CA2-4989-A08D-5FB82DB1BB63}.Debug|Any CPU.Build.0 = Debug|Any CPU
		{760E1F0C-9CA2-4989-A08D-5FB82DB1BB63}.Debug|x64.ActiveCfg = Debug|Any CPU
		{760E1F0C-9CA2-4989-A08D-5FB82DB1BB63}.Debug|x64.Build.0 = Debug|Any CPU
		{760E1F0C-9CA2-4989-A08D-5FB82DB1BB63}.Debug|x86.ActiveCfg = Debug|Any CPU
		{760E1F0C-9CA2-4989-A08D-5FB82DB1BB63}.Debug|x86.Build.0 = Debug|Any CPU
		{760E1F0C-9CA2-4989-A08D-5FB82DB1BB63}.Release|Any CPU.ActiveCfg = Release|Any CPU
		{760E1F0C-9CA2-4989-A08D-5FB82DB1BB63}.Release|Any CPU.Build.0 = Release|Any CPU
		{760E1F0C-9CA2-4989-A08D-5FB82DB1BB63}.Release|x64.ActiveCfg = Release|Any CPU
		{760E1F0C-9CA2-4989-A08D-5FB82DB1BB63}.Release|x64.Build.0 = Release|Any CPU
		{760E1F0C-9CA2-4989-A08D-5FB82DB1BB63}.Release|x86.ActiveCfg = Release|Any CPU
		{760E1F0C-9CA2-4989-A08D-5FB82DB1BB63}.Release|x86.Build.0 = Release|Any CPU
		{C51A15B8-A8D1-421E-8C24-1205E3DC351F}.Debug|Any CPU.ActiveCfg = Debug|Any CPU
		{C51A15B8-A8D1-421E-8C24-1205E3DC351F}.Debug|Any CPU.Build.0 = Debug|Any CPU
		{C51A15B8-A8D1-421E-8C24-1205E3DC351F}.Debug|x64.ActiveCfg = Debug|Any CPU
		{C51A15B8-A8D1-421E-8C24-1205E3DC351F}.Debug|x64.Build.0 = Debug|Any CPU
		{C51A15B8-A8D1-421E-8C24-1205E3DC351F}.Debug|x86.ActiveCfg = Debug|Any CPU
		{C51A15B8-A8D1-421E-8C24-1205E3DC351F}.Debug|x86.Build.0 = Debug|Any CPU
		{C51A15B8-A8D1-421E-8C24-1205E3DC351F}.Release|Any CPU.ActiveCfg = Release|Any CPU
		{C51A15B8-A8D1-421E-8C24-1205E3DC351F}.Release|Any CPU.Build.0 = Release|Any CPU
		{C51A15B8-A8D1-421E-8C24-1205E3DC351F}.Release|x64.ActiveCfg = Release|Any CPU
		{C51A15B8-A8D1-421E-8C24-1205E3DC351F}.Release|x64.Build.0 = Release|Any CPU
		{C51A15B8-A8D1-421E-8C24-1205E3DC351F}.Release|x86.ActiveCfg = Release|Any CPU
		{C51A15B8-A8D1-421E-8C24-1205E3DC351F}.Release|x86.Build.0 = Release|Any CPU
		{C43A5539-E295-4D73-B77A-438ED3844A52}.Debug|Any CPU.ActiveCfg = Debug|Any CPU
		{C43A5539-E295-4D73-B77A-438ED3844A52}.Debug|Any CPU.Build.0 = Debug|Any CPU
		{C43A5539-E295-4D73-B77A-438ED3844A52}.Debug|x64.ActiveCfg = Debug|Any CPU
		{C43A5539-E295-4D73-B77A-438ED3844A52}.Debug|x64.Build.0 = Debug|Any CPU
		{C43A5539-E295-4D73-B77A-438ED3844A52}.Debug|x86.ActiveCfg = Debug|Any CPU
		{C43A5539-E295-4D73-B77A-438ED3844A52}.Debug|x86.Build.0 = Debug|Any CPU
		{C43A5539-E295-4D73-B77A-438ED3844A52}.Release|Any CPU.ActiveCfg = Release|Any CPU
		{C43A5539-E295-4D73-B77A-438ED3844A52}.Release|Any CPU.Build.0 = Release|Any CPU
		{C43A5539-E295-4D73-B77A-438ED3844A52}.Release|x64.ActiveCfg = Release|Any CPU
		{C43A5539-E295-4D73-B77A-438ED3844A52}.Release|x64.Build.0 = Release|Any CPU
		{C43A5539-E295-4D73-B77A-438ED3844A52}.Release|x86.ActiveCfg = Release|Any CPU
		{C43A5539-E295-4D73-B77A-438ED3844A52}.Release|x86.Build.0 = Release|Any CPU
		{16BC25C5-E213-4B0E-AB94-89C00B9FCC45}.Debug|Any CPU.ActiveCfg = Debug|Any CPU
		{16BC25C5-E213-4B0E-AB94-89C00B9FCC45}.Debug|Any CPU.Build.0 = Debug|Any CPU
		{16BC25C5-E213-4B0E-AB94-89C00B9FCC45}.Debug|x64.ActiveCfg = Debug|Any CPU
		{16BC25C5-E213-4B0E-AB94-89C00B9FCC45}.Debug|x64.Build.0 = Debug|Any CPU
		{16BC25C5-E213-4B0E-AB94-89C00B9FCC45}.Debug|x86.ActiveCfg = Debug|Any CPU
		{16BC25C5-E213-4B0E-AB94-89C00B9FCC45}.Debug|x86.Build.0 = Debug|Any CPU
		{16BC25C5-E213-4B0E-AB94-89C00B9FCC45}.Release|Any CPU.ActiveCfg = Release|Any CPU
		{16BC25C5-E213-4B0E-AB94-89C00B9FCC45}.Release|Any CPU.Build.0 = Release|Any CPU
		{16BC25C5-E213-4B0E-AB94-89C00B9FCC45}.Release|x64.ActiveCfg = Release|Any CPU
		{16BC25C5-E213-4B0E-AB94-89C00B9FCC45}.Release|x64.Build.0 = Release|Any CPU
		{16BC25C5-E213-4B0E-AB94-89C00B9FCC45}.Release|x86.ActiveCfg = Release|Any CPU
		{16BC25C5-E213-4B0E-AB94-89C00B9FCC45}.Release|x86.Build.0 = Release|Any CPU
		{979880D3-E9FA-4680-A98B-7D47143BE326}.Debug|Any CPU.ActiveCfg = Debug|Any CPU
		{979880D3-E9FA-4680-A98B-7D47143BE326}.Debug|Any CPU.Build.0 = Debug|Any CPU
		{979880D3-E9FA-4680-A98B-7D47143BE326}.Debug|x64.ActiveCfg = Debug|Any CPU
		{979880D3-E9FA-4680-A98B-7D47143BE326}.Debug|x64.Build.0 = Debug|Any CPU
		{979880D3-E9FA-4680-A98B-7D47143BE326}.Debug|x86.ActiveCfg = Debug|Any CPU
		{979880D3-E9FA-4680-A98B-7D47143BE326}.Debug|x86.Build.0 = Debug|Any CPU
		{979880D3-E9FA-4680-A98B-7D47143BE326}.Release|Any CPU.ActiveCfg = Release|Any CPU
		{979880D3-E9FA-4680-A98B-7D47143BE326}.Release|Any CPU.Build.0 = Release|Any CPU
		{979880D3-E9FA-4680-A98B-7D47143BE326}.Release|x64.ActiveCfg = Release|Any CPU
		{979880D3-E9FA-4680-A98B-7D47143BE326}.Release|x64.Build.0 = Release|Any CPU
		{979880D3-E9FA-4680-A98B-7D47143BE326}.Release|x86.ActiveCfg = Release|Any CPU
		{979880D3-E9FA-4680-A98B-7D47143BE326}.Release|x86.Build.0 = Release|Any CPU
		{CF598232-E85A-4E22-90B0-624BBC8E858E}.Debug|Any CPU.ActiveCfg = Debug|Any CPU
		{CF598232-E85A-4E22-90B0-624BBC8E858E}.Debug|Any CPU.Build.0 = Debug|Any CPU
		{CF598232-E85A-4E22-90B0-624BBC8E858E}.Debug|x64.ActiveCfg = Debug|Any CPU
		{CF598232-E85A-4E22-90B0-624BBC8E858E}.Debug|x64.Build.0 = Debug|Any CPU
		{CF598232-E85A-4E22-90B0-624BBC8E858E}.Debug|x86.ActiveCfg = Debug|Any CPU
		{CF598232-E85A-4E22-90B0-624BBC8E858E}.Debug|x86.Build.0 = Debug|Any CPU
		{CF598232-E85A-4E22-90B0-624BBC8E858E}.Release|Any CPU.ActiveCfg = Release|Any CPU
		{CF598232-E85A-4E22-90B0-624BBC8E858E}.Release|Any CPU.Build.0 = Release|Any CPU
		{CF598232-E85A-4E22-90B0-624BBC8E858E}.Release|x64.ActiveCfg = Release|Any CPU
		{CF598232-E85A-4E22-90B0-624BBC8E858E}.Release|x64.Build.0 = Release|Any CPU
		{CF598232-E85A-4E22-90B0-624BBC8E858E}.Release|x86.ActiveCfg = Release|Any CPU
		{CF598232-E85A-4E22-90B0-624BBC8E858E}.Release|x86.Build.0 = Release|Any CPU
		{C5614989-00BA-4099-A330-3E83FEEDF456}.Debug|Any CPU.ActiveCfg = Debug|Any CPU
		{C5614989-00BA-4099-A330-3E83FEEDF456}.Debug|Any CPU.Build.0 = Debug|Any CPU
		{C5614989-00BA-4099-A330-3E83FEEDF456}.Debug|x64.ActiveCfg = Debug|Any CPU
		{C5614989-00BA-4099-A330-3E83FEEDF456}.Debug|x64.Build.0 = Debug|Any CPU
		{C5614989-00BA-4099-A330-3E83FEEDF456}.Debug|x86.ActiveCfg = Debug|Any CPU
		{C5614989-00BA-4099-A330-3E83FEEDF456}.Debug|x86.Build.0 = Debug|Any CPU
		{C5614989-00BA-4099-A330-3E83FEEDF456}.Release|Any CPU.ActiveCfg = Release|Any CPU
		{C5614989-00BA-4099-A330-3E83FEEDF456}.Release|Any CPU.Build.0 = Release|Any CPU
		{C5614989-00BA-4099-A330-3E83FEEDF456}.Release|x64.ActiveCfg = Release|Any CPU
		{C5614989-00BA-4099-A330-3E83FEEDF456}.Release|x64.Build.0 = Release|Any CPU
		{C5614989-00BA-4099-A330-3E83FEEDF456}.Release|x86.ActiveCfg = Release|Any CPU
		{C5614989-00BA-4099-A330-3E83FEEDF456}.Release|x86.Build.0 = Release|Any CPU
		{62682394-27B3-4033-859B-4A4CDADCA9BE}.Debug|Any CPU.ActiveCfg = Debug|Any CPU
		{62682394-27B3-4033-859B-4A4CDADCA9BE}.Debug|Any CPU.Build.0 = Debug|Any CPU
		{62682394-27B3-4033-859B-4A4CDADCA9BE}.Debug|x64.ActiveCfg = Debug|Any CPU
		{62682394-27B3-4033-859B-4A4CDADCA9BE}.Debug|x64.Build.0 = Debug|Any CPU
		{62682394-27B3-4033-859B-4A4CDADCA9BE}.Debug|x86.ActiveCfg = Debug|Any CPU
		{62682394-27B3-4033-859B-4A4CDADCA9BE}.Debug|x86.Build.0 = Debug|Any CPU
		{62682394-27B3-4033-859B-4A4CDADCA9BE}.Release|Any CPU.ActiveCfg = Release|Any CPU
		{62682394-27B3-4033-859B-4A4CDADCA9BE}.Release|Any CPU.Build.0 = Release|Any CPU
		{62682394-27B3-4033-859B-4A4CDADCA9BE}.Release|x64.ActiveCfg = Release|Any CPU
		{62682394-27B3-4033-859B-4A4CDADCA9BE}.Release|x64.Build.0 = Release|Any CPU
		{62682394-27B3-4033-859B-4A4CDADCA9BE}.Release|x86.ActiveCfg = Release|Any CPU
		{62682394-27B3-4033-859B-4A4CDADCA9BE}.Release|x86.Build.0 = Release|Any CPU
		{E4CBC5C4-EBEC-4809-B0FA-682B30245EFD}.Debug|Any CPU.ActiveCfg = Debug|Any CPU
		{E4CBC5C4-EBEC-4809-B0FA-682B30245EFD}.Debug|Any CPU.Build.0 = Debug|Any CPU
		{E4CBC5C4-EBEC-4809-B0FA-682B30245EFD}.Debug|x64.ActiveCfg = Debug|Any CPU
		{E4CBC5C4-EBEC-4809-B0FA-682B30245EFD}.Debug|x64.Build.0 = Debug|Any CPU
		{E4CBC5C4-EBEC-4809-B0FA-682B30245EFD}.Debug|x86.ActiveCfg = Debug|Any CPU
		{E4CBC5C4-EBEC-4809-B0FA-682B30245EFD}.Debug|x86.Build.0 = Debug|Any CPU
		{E4CBC5C4-EBEC-4809-B0FA-682B30245EFD}.Release|Any CPU.ActiveCfg = Release|Any CPU
		{E4CBC5C4-EBEC-4809-B0FA-682B30245EFD}.Release|Any CPU.Build.0 = Release|Any CPU
		{E4CBC5C4-EBEC-4809-B0FA-682B30245EFD}.Release|x64.ActiveCfg = Release|Any CPU
		{E4CBC5C4-EBEC-4809-B0FA-682B30245EFD}.Release|x64.Build.0 = Release|Any CPU
		{E4CBC5C4-EBEC-4809-B0FA-682B30245EFD}.Release|x86.ActiveCfg = Release|Any CPU
		{E4CBC5C4-EBEC-4809-B0FA-682B30245EFD}.Release|x86.Build.0 = Release|Any CPU
		{A343241F-A37F-4952-B04A-1B24DC158F82}.Debug|Any CPU.ActiveCfg = Debug|Any CPU
		{A343241F-A37F-4952-B04A-1B24DC158F82}.Debug|Any CPU.Build.0 = Debug|Any CPU
		{A343241F-A37F-4952-B04A-1B24DC158F82}.Debug|x64.ActiveCfg = Debug|Any CPU
		{A343241F-A37F-4952-B04A-1B24DC158F82}.Debug|x64.Build.0 = Debug|Any CPU
		{A343241F-A37F-4952-B04A-1B24DC158F82}.Debug|x86.ActiveCfg = Debug|Any CPU
		{A343241F-A37F-4952-B04A-1B24DC158F82}.Debug|x86.Build.0 = Debug|Any CPU
		{A343241F-A37F-4952-B04A-1B24DC158F82}.Release|Any CPU.ActiveCfg = Release|Any CPU
		{A343241F-A37F-4952-B04A-1B24DC158F82}.Release|Any CPU.Build.0 = Release|Any CPU
		{A343241F-A37F-4952-B04A-1B24DC158F82}.Release|x64.ActiveCfg = Release|Any CPU
		{A343241F-A37F-4952-B04A-1B24DC158F82}.Release|x64.Build.0 = Release|Any CPU
		{A343241F-A37F-4952-B04A-1B24DC158F82}.Release|x86.ActiveCfg = Release|Any CPU
		{A343241F-A37F-4952-B04A-1B24DC158F82}.Release|x86.Build.0 = Release|Any CPU
		{86746CDA-2A29-4D30-92F2-08C81523DF4C}.Debug|Any CPU.ActiveCfg = Debug|Any CPU
		{86746CDA-2A29-4D30-92F2-08C81523DF4C}.Debug|Any CPU.Build.0 = Debug|Any CPU
		{86746CDA-2A29-4D30-92F2-08C81523DF4C}.Debug|x64.ActiveCfg = Debug|Any CPU
		{86746CDA-2A29-4D30-92F2-08C81523DF4C}.Debug|x64.Build.0 = Debug|Any CPU
		{86746CDA-2A29-4D30-92F2-08C81523DF4C}.Debug|x86.ActiveCfg = Debug|Any CPU
		{86746CDA-2A29-4D30-92F2-08C81523DF4C}.Debug|x86.Build.0 = Debug|Any CPU
		{86746CDA-2A29-4D30-92F2-08C81523DF4C}.Release|Any CPU.ActiveCfg = Release|Any CPU
		{86746CDA-2A29-4D30-92F2-08C81523DF4C}.Release|Any CPU.Build.0 = Release|Any CPU
		{86746CDA-2A29-4D30-92F2-08C81523DF4C}.Release|x64.ActiveCfg = Release|Any CPU
		{86746CDA-2A29-4D30-92F2-08C81523DF4C}.Release|x64.Build.0 = Release|Any CPU
		{86746CDA-2A29-4D30-92F2-08C81523DF4C}.Release|x86.ActiveCfg = Release|Any CPU
		{86746CDA-2A29-4D30-92F2-08C81523DF4C}.Release|x86.Build.0 = Release|Any CPU
		{19E9D41A-35E0-4617-96B5-5D8E5A950ECF}.Debug|Any CPU.ActiveCfg = Debug|Any CPU
		{19E9D41A-35E0-4617-96B5-5D8E5A950ECF}.Debug|Any CPU.Build.0 = Debug|Any CPU
		{19E9D41A-35E0-4617-96B5-5D8E5A950ECF}.Debug|x64.ActiveCfg = Debug|Any CPU
		{19E9D41A-35E0-4617-96B5-5D8E5A950ECF}.Debug|x64.Build.0 = Debug|Any CPU
		{19E9D41A-35E0-4617-96B5-5D8E5A950ECF}.Debug|x86.ActiveCfg = Debug|Any CPU
		{19E9D41A-35E0-4617-96B5-5D8E5A950ECF}.Debug|x86.Build.0 = Debug|Any CPU
		{19E9D41A-35E0-4617-96B5-5D8E5A950ECF}.Release|Any CPU.ActiveCfg = Release|Any CPU
		{19E9D41A-35E0-4617-96B5-5D8E5A950ECF}.Release|Any CPU.Build.0 = Release|Any CPU
		{19E9D41A-35E0-4617-96B5-5D8E5A950ECF}.Release|x64.ActiveCfg = Release|Any CPU
		{19E9D41A-35E0-4617-96B5-5D8E5A950ECF}.Release|x64.Build.0 = Release|Any CPU
		{19E9D41A-35E0-4617-96B5-5D8E5A950ECF}.Release|x86.ActiveCfg = Release|Any CPU
		{19E9D41A-35E0-4617-96B5-5D8E5A950ECF}.Release|x86.Build.0 = Release|Any CPU
		{A370C237-6127-4FDB-AA2B-DC2E5694BF7A}.Debug|Any CPU.ActiveCfg = Debug|Any CPU
		{A370C237-6127-4FDB-AA2B-DC2E5694BF7A}.Debug|Any CPU.Build.0 = Debug|Any CPU
		{A370C237-6127-4FDB-AA2B-DC2E5694BF7A}.Debug|x64.ActiveCfg = Debug|Any CPU
		{A370C237-6127-4FDB-AA2B-DC2E5694BF7A}.Debug|x64.Build.0 = Debug|Any CPU
		{A370C237-6127-4FDB-AA2B-DC2E5694BF7A}.Debug|x86.ActiveCfg = Debug|Any CPU
		{A370C237-6127-4FDB-AA2B-DC2E5694BF7A}.Debug|x86.Build.0 = Debug|Any CPU
		{A370C237-6127-4FDB-AA2B-DC2E5694BF7A}.Release|Any CPU.ActiveCfg = Release|Any CPU
		{A370C237-6127-4FDB-AA2B-DC2E5694BF7A}.Release|Any CPU.Build.0 = Release|Any CPU
		{A370C237-6127-4FDB-AA2B-DC2E5694BF7A}.Release|x64.ActiveCfg = Release|Any CPU
		{A370C237-6127-4FDB-AA2B-DC2E5694BF7A}.Release|x64.Build.0 = Release|Any CPU
		{A370C237-6127-4FDB-AA2B-DC2E5694BF7A}.Release|x86.ActiveCfg = Release|Any CPU
		{A370C237-6127-4FDB-AA2B-DC2E5694BF7A}.Release|x86.Build.0 = Release|Any CPU
		{65CD7EDD-9F19-46E5-89C3-19B2240E7AB8}.Debug|Any CPU.ActiveCfg = Debug|Any CPU
		{65CD7EDD-9F19-46E5-89C3-19B2240E7AB8}.Debug|Any CPU.Build.0 = Debug|Any CPU
		{65CD7EDD-9F19-46E5-89C3-19B2240E7AB8}.Debug|x64.ActiveCfg = Debug|Any CPU
		{65CD7EDD-9F19-46E5-89C3-19B2240E7AB8}.Debug|x64.Build.0 = Debug|Any CPU
		{65CD7EDD-9F19-46E5-89C3-19B2240E7AB8}.Debug|x86.ActiveCfg = Debug|Any CPU
		{65CD7EDD-9F19-46E5-89C3-19B2240E7AB8}.Debug|x86.Build.0 = Debug|Any CPU
		{65CD7EDD-9F19-46E5-89C3-19B2240E7AB8}.Release|Any CPU.ActiveCfg = Release|Any CPU
		{65CD7EDD-9F19-46E5-89C3-19B2240E7AB8}.Release|Any CPU.Build.0 = Release|Any CPU
		{65CD7EDD-9F19-46E5-89C3-19B2240E7AB8}.Release|x64.ActiveCfg = Release|Any CPU
		{65CD7EDD-9F19-46E5-89C3-19B2240E7AB8}.Release|x64.Build.0 = Release|Any CPU
		{65CD7EDD-9F19-46E5-89C3-19B2240E7AB8}.Release|x86.ActiveCfg = Release|Any CPU
		{65CD7EDD-9F19-46E5-89C3-19B2240E7AB8}.Release|x86.Build.0 = Release|Any CPU
		{BACFD969-62D6-41CB-93CE-95E13DD9A402}.Debug|Any CPU.ActiveCfg = Debug|Any CPU
		{BACFD969-62D6-41CB-93CE-95E13DD9A402}.Debug|Any CPU.Build.0 = Debug|Any CPU
		{BACFD969-62D6-41CB-93CE-95E13DD9A402}.Debug|x64.ActiveCfg = Debug|Any CPU
		{BACFD969-62D6-41CB-93CE-95E13DD9A402}.Debug|x64.Build.0 = Debug|Any CPU
		{BACFD969-62D6-41CB-93CE-95E13DD9A402}.Debug|x86.ActiveCfg = Debug|Any CPU
		{BACFD969-62D6-41CB-93CE-95E13DD9A402}.Debug|x86.Build.0 = Debug|Any CPU
		{BACFD969-62D6-41CB-93CE-95E13DD9A402}.Release|Any CPU.ActiveCfg = Release|Any CPU
		{BACFD969-62D6-41CB-93CE-95E13DD9A402}.Release|Any CPU.Build.0 = Release|Any CPU
		{BACFD969-62D6-41CB-93CE-95E13DD9A402}.Release|x64.ActiveCfg = Release|Any CPU
		{BACFD969-62D6-41CB-93CE-95E13DD9A402}.Release|x64.Build.0 = Release|Any CPU
		{BACFD969-62D6-41CB-93CE-95E13DD9A402}.Release|x86.ActiveCfg = Release|Any CPU
		{BACFD969-62D6-41CB-93CE-95E13DD9A402}.Release|x86.Build.0 = Release|Any CPU
		{E91CE4E0-39EF-4060-9F13-82C440EFC035}.Debug|Any CPU.ActiveCfg = Debug|Any CPU
		{E91CE4E0-39EF-4060-9F13-82C440EFC035}.Debug|Any CPU.Build.0 = Debug|Any CPU
		{E91CE4E0-39EF-4060-9F13-82C440EFC035}.Debug|x64.ActiveCfg = Debug|Any CPU
		{E91CE4E0-39EF-4060-9F13-82C440EFC035}.Debug|x64.Build.0 = Debug|Any CPU
		{E91CE4E0-39EF-4060-9F13-82C440EFC035}.Debug|x86.ActiveCfg = Debug|Any CPU
		{E91CE4E0-39EF-4060-9F13-82C440EFC035}.Debug|x86.Build.0 = Debug|Any CPU
		{E91CE4E0-39EF-4060-9F13-82C440EFC035}.Release|Any CPU.ActiveCfg = Release|Any CPU
		{E91CE4E0-39EF-4060-9F13-82C440EFC035}.Release|Any CPU.Build.0 = Release|Any CPU
		{E91CE4E0-39EF-4060-9F13-82C440EFC035}.Release|x64.ActiveCfg = Release|Any CPU
		{E91CE4E0-39EF-4060-9F13-82C440EFC035}.Release|x64.Build.0 = Release|Any CPU
		{E91CE4E0-39EF-4060-9F13-82C440EFC035}.Release|x86.ActiveCfg = Release|Any CPU
		{E91CE4E0-39EF-4060-9F13-82C440EFC035}.Release|x86.Build.0 = Release|Any CPU
		{6239DCCD-9FD7-45D0-9238-2210EBED829F}.Debug|Any CPU.ActiveCfg = Debug|Any CPU
		{6239DCCD-9FD7-45D0-9238-2210EBED829F}.Debug|Any CPU.Build.0 = Debug|Any CPU
		{6239DCCD-9FD7-45D0-9238-2210EBED829F}.Debug|x64.ActiveCfg = Debug|Any CPU
		{6239DCCD-9FD7-45D0-9238-2210EBED829F}.Debug|x64.Build.0 = Debug|Any CPU
		{6239DCCD-9FD7-45D0-9238-2210EBED829F}.Debug|x86.ActiveCfg = Debug|Any CPU
		{6239DCCD-9FD7-45D0-9238-2210EBED829F}.Debug|x86.Build.0 = Debug|Any CPU
		{6239DCCD-9FD7-45D0-9238-2210EBED829F}.Release|Any CPU.ActiveCfg = Release|Any CPU
		{6239DCCD-9FD7-45D0-9238-2210EBED829F}.Release|Any CPU.Build.0 = Release|Any CPU
		{6239DCCD-9FD7-45D0-9238-2210EBED829F}.Release|x64.ActiveCfg = Release|Any CPU
		{6239DCCD-9FD7-45D0-9238-2210EBED829F}.Release|x64.Build.0 = Release|Any CPU
		{6239DCCD-9FD7-45D0-9238-2210EBED829F}.Release|x86.ActiveCfg = Release|Any CPU
		{6239DCCD-9FD7-45D0-9238-2210EBED829F}.Release|x86.Build.0 = Release|Any CPU
		{C2E53574-56AD-466D-BD7E-5D17BF72EC30}.Debug|Any CPU.ActiveCfg = Debug|Any CPU
		{C2E53574-56AD-466D-BD7E-5D17BF72EC30}.Debug|Any CPU.Build.0 = Debug|Any CPU
		{C2E53574-56AD-466D-BD7E-5D17BF72EC30}.Debug|x64.ActiveCfg = Debug|Any CPU
		{C2E53574-56AD-466D-BD7E-5D17BF72EC30}.Debug|x64.Build.0 = Debug|Any CPU
		{C2E53574-56AD-466D-BD7E-5D17BF72EC30}.Debug|x86.ActiveCfg = Debug|Any CPU
		{C2E53574-56AD-466D-BD7E-5D17BF72EC30}.Debug|x86.Build.0 = Debug|Any CPU
		{C2E53574-56AD-466D-BD7E-5D17BF72EC30}.Release|Any CPU.ActiveCfg = Release|Any CPU
		{C2E53574-56AD-466D-BD7E-5D17BF72EC30}.Release|Any CPU.Build.0 = Release|Any CPU
		{C2E53574-56AD-466D-BD7E-5D17BF72EC30}.Release|x64.ActiveCfg = Release|Any CPU
		{C2E53574-56AD-466D-BD7E-5D17BF72EC30}.Release|x64.Build.0 = Release|Any CPU
		{C2E53574-56AD-466D-BD7E-5D17BF72EC30}.Release|x86.ActiveCfg = Release|Any CPU
		{C2E53574-56AD-466D-BD7E-5D17BF72EC30}.Release|x86.Build.0 = Release|Any CPU
		{A6545AA1-7524-4FD0-A39A-0C5F3FD4E0F1}.Debug|Any CPU.ActiveCfg = Debug|Any CPU
		{A6545AA1-7524-4FD0-A39A-0C5F3FD4E0F1}.Debug|Any CPU.Build.0 = Debug|Any CPU
		{A6545AA1-7524-4FD0-A39A-0C5F3FD4E0F1}.Debug|x64.ActiveCfg = Debug|Any CPU
		{A6545AA1-7524-4FD0-A39A-0C5F3FD4E0F1}.Debug|x64.Build.0 = Debug|Any CPU
		{A6545AA1-7524-4FD0-A39A-0C5F3FD4E0F1}.Debug|x86.ActiveCfg = Debug|Any CPU
		{A6545AA1-7524-4FD0-A39A-0C5F3FD4E0F1}.Debug|x86.Build.0 = Debug|Any CPU
		{A6545AA1-7524-4FD0-A39A-0C5F3FD4E0F1}.Release|Any CPU.ActiveCfg = Release|Any CPU
		{A6545AA1-7524-4FD0-A39A-0C5F3FD4E0F1}.Release|Any CPU.Build.0 = Release|Any CPU
		{A6545AA1-7524-4FD0-A39A-0C5F3FD4E0F1}.Release|x64.ActiveCfg = Release|Any CPU
		{A6545AA1-7524-4FD0-A39A-0C5F3FD4E0F1}.Release|x64.Build.0 = Release|Any CPU
		{A6545AA1-7524-4FD0-A39A-0C5F3FD4E0F1}.Release|x86.ActiveCfg = Release|Any CPU
		{A6545AA1-7524-4FD0-A39A-0C5F3FD4E0F1}.Release|x86.Build.0 = Release|Any CPU
		{23D99FCA-3225-4EE8-B41F-10B190BDC577}.Debug|Any CPU.ActiveCfg = Debug|Any CPU
		{23D99FCA-3225-4EE8-B41F-10B190BDC577}.Debug|Any CPU.Build.0 = Debug|Any CPU
		{23D99FCA-3225-4EE8-B41F-10B190BDC577}.Debug|x64.ActiveCfg = Debug|Any CPU
		{23D99FCA-3225-4EE8-B41F-10B190BDC577}.Debug|x64.Build.0 = Debug|Any CPU
		{23D99FCA-3225-4EE8-B41F-10B190BDC577}.Debug|x86.ActiveCfg = Debug|Any CPU
		{23D99FCA-3225-4EE8-B41F-10B190BDC577}.Debug|x86.Build.0 = Debug|Any CPU
		{23D99FCA-3225-4EE8-B41F-10B190BDC577}.Release|Any CPU.ActiveCfg = Release|Any CPU
		{23D99FCA-3225-4EE8-B41F-10B190BDC577}.Release|Any CPU.Build.0 = Release|Any CPU
		{23D99FCA-3225-4EE8-B41F-10B190BDC577}.Release|x64.ActiveCfg = Release|Any CPU
		{23D99FCA-3225-4EE8-B41F-10B190BDC577}.Release|x64.Build.0 = Release|Any CPU
		{23D99FCA-3225-4EE8-B41F-10B190BDC577}.Release|x86.ActiveCfg = Release|Any CPU
		{23D99FCA-3225-4EE8-B41F-10B190BDC577}.Release|x86.Build.0 = Release|Any CPU
		{FE48ECEA-043F-425F-9362-ABBAD98E08FD}.Debug|Any CPU.ActiveCfg = Debug|Any CPU
		{FE48ECEA-043F-425F-9362-ABBAD98E08FD}.Debug|Any CPU.Build.0 = Debug|Any CPU
		{FE48ECEA-043F-425F-9362-ABBAD98E08FD}.Debug|x64.ActiveCfg = Debug|Any CPU
		{FE48ECEA-043F-425F-9362-ABBAD98E08FD}.Debug|x64.Build.0 = Debug|Any CPU
		{FE48ECEA-043F-425F-9362-ABBAD98E08FD}.Debug|x86.ActiveCfg = Debug|Any CPU
		{FE48ECEA-043F-425F-9362-ABBAD98E08FD}.Debug|x86.Build.0 = Debug|Any CPU
		{FE48ECEA-043F-425F-9362-ABBAD98E08FD}.Release|Any CPU.ActiveCfg = Release|Any CPU
		{FE48ECEA-043F-425F-9362-ABBAD98E08FD}.Release|Any CPU.Build.0 = Release|Any CPU
		{FE48ECEA-043F-425F-9362-ABBAD98E08FD}.Release|x64.ActiveCfg = Release|Any CPU
		{FE48ECEA-043F-425F-9362-ABBAD98E08FD}.Release|x64.Build.0 = Release|Any CPU
		{FE48ECEA-043F-425F-9362-ABBAD98E08FD}.Release|x86.ActiveCfg = Release|Any CPU
		{FE48ECEA-043F-425F-9362-ABBAD98E08FD}.Release|x86.Build.0 = Release|Any CPU
		{33FACD84-D0B4-440D-8B2A-EBC3D76BA03D}.Debug|Any CPU.ActiveCfg = Debug|Any CPU
		{33FACD84-D0B4-440D-8B2A-EBC3D76BA03D}.Debug|Any CPU.Build.0 = Debug|Any CPU
		{33FACD84-D0B4-440D-8B2A-EBC3D76BA03D}.Debug|x64.ActiveCfg = Debug|Any CPU
		{33FACD84-D0B4-440D-8B2A-EBC3D76BA03D}.Debug|x64.Build.0 = Debug|Any CPU
		{33FACD84-D0B4-440D-8B2A-EBC3D76BA03D}.Debug|x86.ActiveCfg = Debug|Any CPU
		{33FACD84-D0B4-440D-8B2A-EBC3D76BA03D}.Debug|x86.Build.0 = Debug|Any CPU
		{33FACD84-D0B4-440D-8B2A-EBC3D76BA03D}.Release|Any CPU.ActiveCfg = Release|Any CPU
		{33FACD84-D0B4-440D-8B2A-EBC3D76BA03D}.Release|Any CPU.Build.0 = Release|Any CPU
		{33FACD84-D0B4-440D-8B2A-EBC3D76BA03D}.Release|x64.ActiveCfg = Release|Any CPU
		{33FACD84-D0B4-440D-8B2A-EBC3D76BA03D}.Release|x64.Build.0 = Release|Any CPU
		{33FACD84-D0B4-440D-8B2A-EBC3D76BA03D}.Release|x86.ActiveCfg = Release|Any CPU
		{33FACD84-D0B4-440D-8B2A-EBC3D76BA03D}.Release|x86.Build.0 = Release|Any CPU
		{274DAC05-402F-4970-BCD7-AE0CE4582E2F}.Debug|Any CPU.ActiveCfg = Debug|Any CPU
		{274DAC05-402F-4970-BCD7-AE0CE4582E2F}.Debug|Any CPU.Build.0 = Debug|Any CPU
		{274DAC05-402F-4970-BCD7-AE0CE4582E2F}.Debug|x64.ActiveCfg = Debug|Any CPU
		{274DAC05-402F-4970-BCD7-AE0CE4582E2F}.Debug|x64.Build.0 = Debug|Any CPU
		{274DAC05-402F-4970-BCD7-AE0CE4582E2F}.Debug|x86.ActiveCfg = Debug|Any CPU
		{274DAC05-402F-4970-BCD7-AE0CE4582E2F}.Debug|x86.Build.0 = Debug|Any CPU
		{274DAC05-402F-4970-BCD7-AE0CE4582E2F}.Release|Any CPU.ActiveCfg = Release|Any CPU
		{274DAC05-402F-4970-BCD7-AE0CE4582E2F}.Release|Any CPU.Build.0 = Release|Any CPU
		{274DAC05-402F-4970-BCD7-AE0CE4582E2F}.Release|x64.ActiveCfg = Release|Any CPU
		{274DAC05-402F-4970-BCD7-AE0CE4582E2F}.Release|x64.Build.0 = Release|Any CPU
		{274DAC05-402F-4970-BCD7-AE0CE4582E2F}.Release|x86.ActiveCfg = Release|Any CPU
		{274DAC05-402F-4970-BCD7-AE0CE4582E2F}.Release|x86.Build.0 = Release|Any CPU
		{66C77F22-909F-4054-8A66-3F4A808C62AE}.Debug|Any CPU.ActiveCfg = Debug|Any CPU
		{66C77F22-909F-4054-8A66-3F4A808C62AE}.Debug|Any CPU.Build.0 = Debug|Any CPU
		{66C77F22-909F-4054-8A66-3F4A808C62AE}.Debug|x64.ActiveCfg = Debug|Any CPU
		{66C77F22-909F-4054-8A66-3F4A808C62AE}.Debug|x64.Build.0 = Debug|Any CPU
		{66C77F22-909F-4054-8A66-3F4A808C62AE}.Debug|x86.ActiveCfg = Debug|Any CPU
		{66C77F22-909F-4054-8A66-3F4A808C62AE}.Debug|x86.Build.0 = Debug|Any CPU
		{66C77F22-909F-4054-8A66-3F4A808C62AE}.Release|Any CPU.ActiveCfg = Release|Any CPU
		{66C77F22-909F-4054-8A66-3F4A808C62AE}.Release|Any CPU.Build.0 = Release|Any CPU
		{66C77F22-909F-4054-8A66-3F4A808C62AE}.Release|x64.ActiveCfg = Release|Any CPU
		{66C77F22-909F-4054-8A66-3F4A808C62AE}.Release|x64.Build.0 = Release|Any CPU
		{66C77F22-909F-4054-8A66-3F4A808C62AE}.Release|x86.ActiveCfg = Release|Any CPU
		{66C77F22-909F-4054-8A66-3F4A808C62AE}.Release|x86.Build.0 = Release|Any CPU
		{870CCEA7-CFAE-42EB-8129-68E3234F51ED}.Debug|Any CPU.ActiveCfg = Debug|Any CPU
		{870CCEA7-CFAE-42EB-8129-68E3234F51ED}.Debug|Any CPU.Build.0 = Debug|Any CPU
		{870CCEA7-CFAE-42EB-8129-68E3234F51ED}.Debug|x64.ActiveCfg = Debug|Any CPU
		{870CCEA7-CFAE-42EB-8129-68E3234F51ED}.Debug|x64.Build.0 = Debug|Any CPU
		{870CCEA7-CFAE-42EB-8129-68E3234F51ED}.Debug|x86.ActiveCfg = Debug|Any CPU
		{870CCEA7-CFAE-42EB-8129-68E3234F51ED}.Debug|x86.Build.0 = Debug|Any CPU
		{870CCEA7-CFAE-42EB-8129-68E3234F51ED}.Release|Any CPU.ActiveCfg = Release|Any CPU
		{870CCEA7-CFAE-42EB-8129-68E3234F51ED}.Release|Any CPU.Build.0 = Release|Any CPU
		{870CCEA7-CFAE-42EB-8129-68E3234F51ED}.Release|x64.ActiveCfg = Release|Any CPU
		{870CCEA7-CFAE-42EB-8129-68E3234F51ED}.Release|x64.Build.0 = Release|Any CPU
		{870CCEA7-CFAE-42EB-8129-68E3234F51ED}.Release|x86.ActiveCfg = Release|Any CPU
		{870CCEA7-CFAE-42EB-8129-68E3234F51ED}.Release|x86.Build.0 = Release|Any CPU
		{3A13C4D3-865A-4D9E-9325-045410FCF3CD}.Debug|Any CPU.ActiveCfg = Debug|Any CPU
		{3A13C4D3-865A-4D9E-9325-045410FCF3CD}.Debug|Any CPU.Build.0 = Debug|Any CPU
		{3A13C4D3-865A-4D9E-9325-045410FCF3CD}.Debug|x64.ActiveCfg = Debug|Any CPU
		{3A13C4D3-865A-4D9E-9325-045410FCF3CD}.Debug|x64.Build.0 = Debug|Any CPU
		{3A13C4D3-865A-4D9E-9325-045410FCF3CD}.Debug|x86.ActiveCfg = Debug|Any CPU
		{3A13C4D3-865A-4D9E-9325-045410FCF3CD}.Debug|x86.Build.0 = Debug|Any CPU
		{3A13C4D3-865A-4D9E-9325-045410FCF3CD}.Release|Any CPU.ActiveCfg = Release|Any CPU
		{3A13C4D3-865A-4D9E-9325-045410FCF3CD}.Release|Any CPU.Build.0 = Release|Any CPU
		{3A13C4D3-865A-4D9E-9325-045410FCF3CD}.Release|x64.ActiveCfg = Release|Any CPU
		{3A13C4D3-865A-4D9E-9325-045410FCF3CD}.Release|x64.Build.0 = Release|Any CPU
		{3A13C4D3-865A-4D9E-9325-045410FCF3CD}.Release|x86.ActiveCfg = Release|Any CPU
		{3A13C4D3-865A-4D9E-9325-045410FCF3CD}.Release|x86.Build.0 = Release|Any CPU
		{8C20B3E6-27CD-4D9E-AD67-E784C9378630}.Debug|Any CPU.ActiveCfg = Debug|Any CPU
		{8C20B3E6-27CD-4D9E-AD67-E784C9378630}.Debug|Any CPU.Build.0 = Debug|Any CPU
		{8C20B3E6-27CD-4D9E-AD67-E784C9378630}.Debug|x64.ActiveCfg = Debug|Any CPU
		{8C20B3E6-27CD-4D9E-AD67-E784C9378630}.Debug|x64.Build.0 = Debug|Any CPU
		{8C20B3E6-27CD-4D9E-AD67-E784C9378630}.Debug|x86.ActiveCfg = Debug|Any CPU
		{8C20B3E6-27CD-4D9E-AD67-E784C9378630}.Debug|x86.Build.0 = Debug|Any CPU
		{8C20B3E6-27CD-4D9E-AD67-E784C9378630}.Release|Any CPU.ActiveCfg = Release|Any CPU
		{8C20B3E6-27CD-4D9E-AD67-E784C9378630}.Release|Any CPU.Build.0 = Release|Any CPU
		{8C20B3E6-27CD-4D9E-AD67-E784C9378630}.Release|x64.ActiveCfg = Release|Any CPU
		{8C20B3E6-27CD-4D9E-AD67-E784C9378630}.Release|x64.Build.0 = Release|Any CPU
		{8C20B3E6-27CD-4D9E-AD67-E784C9378630}.Release|x86.ActiveCfg = Release|Any CPU
		{8C20B3E6-27CD-4D9E-AD67-E784C9378630}.Release|x86.Build.0 = Release|Any CPU
		{6076D02C-C634-424D-9AD1-EA57C948D12B}.Debug|Any CPU.ActiveCfg = Debug|Any CPU
		{6076D02C-C634-424D-9AD1-EA57C948D12B}.Debug|Any CPU.Build.0 = Debug|Any CPU
		{6076D02C-C634-424D-9AD1-EA57C948D12B}.Debug|x64.ActiveCfg = Debug|Any CPU
		{6076D02C-C634-424D-9AD1-EA57C948D12B}.Debug|x64.Build.0 = Debug|Any CPU
		{6076D02C-C634-424D-9AD1-EA57C948D12B}.Debug|x86.ActiveCfg = Debug|Any CPU
		{6076D02C-C634-424D-9AD1-EA57C948D12B}.Debug|x86.Build.0 = Debug|Any CPU
		{6076D02C-C634-424D-9AD1-EA57C948D12B}.Release|Any CPU.ActiveCfg = Release|Any CPU
		{6076D02C-C634-424D-9AD1-EA57C948D12B}.Release|Any CPU.Build.0 = Release|Any CPU
		{6076D02C-C634-424D-9AD1-EA57C948D12B}.Release|x64.ActiveCfg = Release|Any CPU
		{6076D02C-C634-424D-9AD1-EA57C948D12B}.Release|x64.Build.0 = Release|Any CPU
		{6076D02C-C634-424D-9AD1-EA57C948D12B}.Release|x86.ActiveCfg = Release|Any CPU
		{6076D02C-C634-424D-9AD1-EA57C948D12B}.Release|x86.Build.0 = Release|Any CPU
		{2559EC8F-E654-474D-B6A9-F4969753A70A}.Debug|Any CPU.ActiveCfg = Debug|Any CPU
		{2559EC8F-E654-474D-B6A9-F4969753A70A}.Debug|Any CPU.Build.0 = Debug|Any CPU
		{2559EC8F-E654-474D-B6A9-F4969753A70A}.Debug|x64.ActiveCfg = Debug|Any CPU
		{2559EC8F-E654-474D-B6A9-F4969753A70A}.Debug|x64.Build.0 = Debug|Any CPU
		{2559EC8F-E654-474D-B6A9-F4969753A70A}.Debug|x86.ActiveCfg = Debug|Any CPU
		{2559EC8F-E654-474D-B6A9-F4969753A70A}.Debug|x86.Build.0 = Debug|Any CPU
		{2559EC8F-E654-474D-B6A9-F4969753A70A}.Release|Any CPU.ActiveCfg = Release|Any CPU
		{2559EC8F-E654-474D-B6A9-F4969753A70A}.Release|Any CPU.Build.0 = Release|Any CPU
		{2559EC8F-E654-474D-B6A9-F4969753A70A}.Release|x64.ActiveCfg = Release|Any CPU
		{2559EC8F-E654-474D-B6A9-F4969753A70A}.Release|x64.Build.0 = Release|Any CPU
		{2559EC8F-E654-474D-B6A9-F4969753A70A}.Release|x86.ActiveCfg = Release|Any CPU
		{2559EC8F-E654-474D-B6A9-F4969753A70A}.Release|x86.Build.0 = Release|Any CPU
		{1354326E-2D6C-427A-BB34-3F5AB420959A}.Debug|Any CPU.ActiveCfg = Debug|Any CPU
		{1354326E-2D6C-427A-BB34-3F5AB420959A}.Debug|Any CPU.Build.0 = Debug|Any CPU
		{1354326E-2D6C-427A-BB34-3F5AB420959A}.Debug|x64.ActiveCfg = Debug|Any CPU
		{1354326E-2D6C-427A-BB34-3F5AB420959A}.Debug|x64.Build.0 = Debug|Any CPU
		{1354326E-2D6C-427A-BB34-3F5AB420959A}.Debug|x86.ActiveCfg = Debug|Any CPU
		{1354326E-2D6C-427A-BB34-3F5AB420959A}.Debug|x86.Build.0 = Debug|Any CPU
		{1354326E-2D6C-427A-BB34-3F5AB420959A}.Release|Any CPU.ActiveCfg = Release|Any CPU
		{1354326E-2D6C-427A-BB34-3F5AB420959A}.Release|Any CPU.Build.0 = Release|Any CPU
		{1354326E-2D6C-427A-BB34-3F5AB420959A}.Release|x64.ActiveCfg = Release|Any CPU
		{1354326E-2D6C-427A-BB34-3F5AB420959A}.Release|x64.Build.0 = Release|Any CPU
		{1354326E-2D6C-427A-BB34-3F5AB420959A}.Release|x86.ActiveCfg = Release|Any CPU
		{1354326E-2D6C-427A-BB34-3F5AB420959A}.Release|x86.Build.0 = Release|Any CPU
		{31DEE973-EC01-43C2-B65B-6357D783EE1F}.Debug|Any CPU.ActiveCfg = Debug|Any CPU
		{31DEE973-EC01-43C2-B65B-6357D783EE1F}.Debug|Any CPU.Build.0 = Debug|Any CPU
		{31DEE973-EC01-43C2-B65B-6357D783EE1F}.Debug|x64.ActiveCfg = Debug|Any CPU
		{31DEE973-EC01-43C2-B65B-6357D783EE1F}.Debug|x64.Build.0 = Debug|Any CPU
		{31DEE973-EC01-43C2-B65B-6357D783EE1F}.Debug|x86.ActiveCfg = Debug|Any CPU
		{31DEE973-EC01-43C2-B65B-6357D783EE1F}.Debug|x86.Build.0 = Debug|Any CPU
		{31DEE973-EC01-43C2-B65B-6357D783EE1F}.Release|Any CPU.ActiveCfg = Release|Any CPU
		{31DEE973-EC01-43C2-B65B-6357D783EE1F}.Release|Any CPU.Build.0 = Release|Any CPU
		{31DEE973-EC01-43C2-B65B-6357D783EE1F}.Release|x64.ActiveCfg = Release|Any CPU
		{31DEE973-EC01-43C2-B65B-6357D783EE1F}.Release|x64.Build.0 = Release|Any CPU
		{31DEE973-EC01-43C2-B65B-6357D783EE1F}.Release|x86.ActiveCfg = Release|Any CPU
		{31DEE973-EC01-43C2-B65B-6357D783EE1F}.Release|x86.Build.0 = Release|Any CPU
		{59F572BE-463B-495B-98A8-59B3B526E860}.Debug|Any CPU.ActiveCfg = Debug|Any CPU
		{59F572BE-463B-495B-98A8-59B3B526E860}.Debug|Any CPU.Build.0 = Debug|Any CPU
		{59F572BE-463B-495B-98A8-59B3B526E860}.Debug|x64.ActiveCfg = Debug|Any CPU
		{59F572BE-463B-495B-98A8-59B3B526E860}.Debug|x64.Build.0 = Debug|Any CPU
		{59F572BE-463B-495B-98A8-59B3B526E860}.Debug|x86.ActiveCfg = Debug|Any CPU
		{59F572BE-463B-495B-98A8-59B3B526E860}.Debug|x86.Build.0 = Debug|Any CPU
		{59F572BE-463B-495B-98A8-59B3B526E860}.Release|Any CPU.ActiveCfg = Release|Any CPU
		{59F572BE-463B-495B-98A8-59B3B526E860}.Release|Any CPU.Build.0 = Release|Any CPU
		{59F572BE-463B-495B-98A8-59B3B526E860}.Release|x64.ActiveCfg = Release|Any CPU
		{59F572BE-463B-495B-98A8-59B3B526E860}.Release|x64.Build.0 = Release|Any CPU
		{59F572BE-463B-495B-98A8-59B3B526E860}.Release|x86.ActiveCfg = Release|Any CPU
		{59F572BE-463B-495B-98A8-59B3B526E860}.Release|x86.Build.0 = Release|Any CPU
		{E76EE0FE-3206-4960-9749-5D83BDFCD4AE}.Debug|Any CPU.ActiveCfg = Debug|Any CPU
		{E76EE0FE-3206-4960-9749-5D83BDFCD4AE}.Debug|Any CPU.Build.0 = Debug|Any CPU
		{E76EE0FE-3206-4960-9749-5D83BDFCD4AE}.Debug|x64.ActiveCfg = Debug|Any CPU
		{E76EE0FE-3206-4960-9749-5D83BDFCD4AE}.Debug|x64.Build.0 = Debug|Any CPU
		{E76EE0FE-3206-4960-9749-5D83BDFCD4AE}.Debug|x86.ActiveCfg = Debug|Any CPU
		{E76EE0FE-3206-4960-9749-5D83BDFCD4AE}.Debug|x86.Build.0 = Debug|Any CPU
		{E76EE0FE-3206-4960-9749-5D83BDFCD4AE}.Release|Any CPU.ActiveCfg = Release|Any CPU
		{E76EE0FE-3206-4960-9749-5D83BDFCD4AE}.Release|Any CPU.Build.0 = Release|Any CPU
		{E76EE0FE-3206-4960-9749-5D83BDFCD4AE}.Release|x64.ActiveCfg = Release|Any CPU
		{E76EE0FE-3206-4960-9749-5D83BDFCD4AE}.Release|x64.Build.0 = Release|Any CPU
		{E76EE0FE-3206-4960-9749-5D83BDFCD4AE}.Release|x86.ActiveCfg = Release|Any CPU
		{E76EE0FE-3206-4960-9749-5D83BDFCD4AE}.Release|x86.Build.0 = Release|Any CPU
		{2868D116-DD31-4332-B1DF-C9CCC3583DFA}.Debug|Any CPU.ActiveCfg = Debug|Any CPU
		{2868D116-DD31-4332-B1DF-C9CCC3583DFA}.Debug|Any CPU.Build.0 = Debug|Any CPU
		{2868D116-DD31-4332-B1DF-C9CCC3583DFA}.Debug|x64.ActiveCfg = Debug|Any CPU
		{2868D116-DD31-4332-B1DF-C9CCC3583DFA}.Debug|x64.Build.0 = Debug|Any CPU
		{2868D116-DD31-4332-B1DF-C9CCC3583DFA}.Debug|x86.ActiveCfg = Debug|Any CPU
		{2868D116-DD31-4332-B1DF-C9CCC3583DFA}.Debug|x86.Build.0 = Debug|Any CPU
		{2868D116-DD31-4332-B1DF-C9CCC3583DFA}.Release|Any CPU.ActiveCfg = Release|Any CPU
		{2868D116-DD31-4332-B1DF-C9CCC3583DFA}.Release|Any CPU.Build.0 = Release|Any CPU
		{2868D116-DD31-4332-B1DF-C9CCC3583DFA}.Release|x64.ActiveCfg = Release|Any CPU
		{2868D116-DD31-4332-B1DF-C9CCC3583DFA}.Release|x64.Build.0 = Release|Any CPU
		{2868D116-DD31-4332-B1DF-C9CCC3583DFA}.Release|x86.ActiveCfg = Release|Any CPU
		{2868D116-DD31-4332-B1DF-C9CCC3583DFA}.Release|x86.Build.0 = Release|Any CPU
	EndGlobalSection
	GlobalSection(SolutionProperties) = preSolution
		HideSolutionNode = FALSE
	EndGlobalSection
	GlobalSection(NestedProjects) = preSolution
		{B4063D96-347C-476D-AC81-5E6020F5DBC4} = {142A5A1A-5B50-46B2-B208-C73DA33DA14F}
		{AA92FA69-37D8-4014-B9A0-FA4C5371D363} = {142A5A1A-5B50-46B2-B208-C73DA33DA14F}
		{0C4E2BCD-62BE-454E-AD58-067D04F85016} = {08ACA4E6-FB37-4E74-A3A6-6E2A31890968}
		{846C1948-EBED-4005-B281-AF6A055FB8EF} = {08ACA4E6-FB37-4E74-A3A6-6E2A31890968}
		{8D63D180-DEBD-4378-B377-3D0F142035F9} = {B8E28B37-0C9C-431E-93A2-1BA1B3719E40}
		{A609BF84-5995-456C-B848-854B3C4488FC} = {B8E28B37-0C9C-431E-93A2-1BA1B3719E40}
		{760E1F0C-9CA2-4989-A08D-5FB82DB1BB63} = {B8E28B37-0C9C-431E-93A2-1BA1B3719E40}
		{C51A15B8-A8D1-421E-8C24-1205E3DC351F} = {BB677D41-C1DB-4306-846B-5281BF1DE0EF}
		{C43A5539-E295-4D73-B77A-438ED3844A52} = {B3069FEC-BE65-42CC-9234-A7B02B7F7231}
		{16BC25C5-E213-4B0E-AB94-89C00B9FCC45} = {B3069FEC-BE65-42CC-9234-A7B02B7F7231}
		{979880D3-E9FA-4680-A98B-7D47143BE326} = {42E9EB5E-644A-4B3C-8A5D-41FCC4045B8F}
		{CF598232-E85A-4E22-90B0-624BBC8E858E} = {42E9EB5E-644A-4B3C-8A5D-41FCC4045B8F}
		{C5614989-00BA-4099-A330-3E83FEEDF456} = {116C2D29-5E92-454A-8482-08EDB2BF9FA9}
		{62682394-27B3-4033-859B-4A4CDADCA9BE} = {116C2D29-5E92-454A-8482-08EDB2BF9FA9}
		{E4CBC5C4-EBEC-4809-B0FA-682B30245EFD} = {7B429DD0-0225-4424-BAFC-D1BB18006653}
		{A343241F-A37F-4952-B04A-1B24DC158F82} = {08ACA4E6-FB37-4E74-A3A6-6E2A31890968}
		{86746CDA-2A29-4D30-92F2-08C81523DF4C} = {BF864D99-3081-4786-9C74-40C865E8AB1A}
		{19E9D41A-35E0-4617-96B5-5D8E5A950ECF} = {BF864D99-3081-4786-9C74-40C865E8AB1A}
		{A370C237-6127-4FDB-AA2B-DC2E5694BF7A} = {BF864D99-3081-4786-9C74-40C865E8AB1A}
		{65CD7EDD-9F19-46E5-89C3-19B2240E7AB8} = {F88D85DF-D7BF-4A0E-A242-1111CF836A63}
		{BACFD969-62D6-41CB-93CE-95E13DD9A402} = {F88D85DF-D7BF-4A0E-A242-1111CF836A63}
		{E91CE4E0-39EF-4060-9F13-82C440EFC035} = {F88D85DF-D7BF-4A0E-A242-1111CF836A63}
		{6239DCCD-9FD7-45D0-9238-2210EBED829F} = {5D9CD6BD-676A-4AAD-BACD-7579AD805249}
		{C2E53574-56AD-466D-BD7E-5D17BF72EC30} = {5D9CD6BD-676A-4AAD-BACD-7579AD805249}
		{A6545AA1-7524-4FD0-A39A-0C5F3FD4E0F1} = {5D9CD6BD-676A-4AAD-BACD-7579AD805249}
		{23D99FCA-3225-4EE8-B41F-10B190BDC577} = {0ABA3B0B-00FC-438A-90BD-4C5B02350ED9}
		{FE48ECEA-043F-425F-9362-ABBAD98E08FD} = {A150E121-5770-4C83-82B0-309DAAFAC490}
		{33FACD84-D0B4-440D-8B2A-EBC3D76BA03D} = {0ABA3B0B-00FC-438A-90BD-4C5B02350ED9}
		{274DAC05-402F-4970-BCD7-AE0CE4582E2F} = {35865406-3C34-46A4-B68A-1DF29447798E}
		{66C77F22-909F-4054-8A66-3F4A808C62AE} = {410FB815-D45A-4FC1-B0B1-513567711B3A}
		{BB677D41-C1DB-4306-846B-5281BF1DE0EF} = {088BF2F5-9C21-4590-8E3B-4B14315C7ACA}
		{7B429DD0-0225-4424-BAFC-D1BB18006653} = {088BF2F5-9C21-4590-8E3B-4B14315C7ACA}
		{08ACA4E6-FB37-4E74-A3A6-6E2A31890968} = {088BF2F5-9C21-4590-8E3B-4B14315C7ACA}
		{5D9CD6BD-676A-4AAD-BACD-7579AD805249} = {088BF2F5-9C21-4590-8E3B-4B14315C7ACA}
		{142A5A1A-5B50-46B2-B208-C73DA33DA14F} = {088BF2F5-9C21-4590-8E3B-4B14315C7ACA}
		{B8E28B37-0C9C-431E-93A2-1BA1B3719E40} = {088BF2F5-9C21-4590-8E3B-4B14315C7ACA}
		{B3069FEC-BE65-42CC-9234-A7B02B7F7231} = {BB677D41-C1DB-4306-846B-5281BF1DE0EF}
		{42E9EB5E-644A-4B3C-8A5D-41FCC4045B8F} = {BB677D41-C1DB-4306-846B-5281BF1DE0EF}
		{116C2D29-5E92-454A-8482-08EDB2BF9FA9} = {BB677D41-C1DB-4306-846B-5281BF1DE0EF}
		{BF864D99-3081-4786-9C74-40C865E8AB1A} = {7B429DD0-0225-4424-BAFC-D1BB18006653}
		{F88D85DF-D7BF-4A0E-A242-1111CF836A63} = {7B429DD0-0225-4424-BAFC-D1BB18006653}
		{870CCEA7-CFAE-42EB-8129-68E3234F51ED} = {F8B2FF2F-D5A6-4D6A-B6F7-9EBC51FF302E}
		{3A13C4D3-865A-4D9E-9325-045410FCF3CD} = {F8B2FF2F-D5A6-4D6A-B6F7-9EBC51FF302E}
		{8C20B3E6-27CD-4D9E-AD67-E784C9378630} = {35865406-3C34-46A4-B68A-1DF29447798E}
		{6076D02C-C634-424D-9AD1-EA57C948D12B} = {142A5A1A-5B50-46B2-B208-C73DA33DA14F}
		{2559EC8F-E654-474D-B6A9-F4969753A70A} = {142A5A1A-5B50-46B2-B208-C73DA33DA14F}
		{1354326E-2D6C-427A-BB34-3F5AB420959A} = {142A5A1A-5B50-46B2-B208-C73DA33DA14F}
		{35865406-3C34-46A4-B68A-1DF29447798E} = {088BF2F5-9C21-4590-8E3B-4B14315C7ACA}
		{31DEE973-EC01-43C2-B65B-6357D783EE1F} = {410FB815-D45A-4FC1-B0B1-513567711B3A}
		{59F572BE-463B-495B-98A8-59B3B526E860} = {A150E121-5770-4C83-82B0-309DAAFAC490}
		{E76EE0FE-3206-4960-9749-5D83BDFCD4AE} = {0ABA3B0B-00FC-438A-90BD-4C5B02350ED9}
		{2868D116-DD31-4332-B1DF-C9CCC3583DFA} = {0ABA3B0B-00FC-438A-90BD-4C5B02350ED9}
	EndGlobalSection
	GlobalSection(ExtensibilityGlobals) = postSolution
		SolutionGuid = {3E41D708-ED72-4BF2-AF4D-AD449D80E959}
	EndGlobalSection
EndGlobal
